// !$*UTF8*$!
{
	archiveVersion = 1;
	classes = {
	};
	objectVersion = 46;
	objects = {

/* Begin PBXBuildFile section */
		89A0DDFB17E0813400980812 /* UIKit.framework in Frameworks */ = {isa = PBXBuildFile; fileRef = 89A0DDFA17E0813400980812 /* UIKit.framework */; };
		89A0DDFD17E0813400980812 /* Foundation.framework in Frameworks */ = {isa = PBXBuildFile; fileRef = 89A0DDFC17E0813400980812 /* Foundation.framework */; };
		89A0DDFF17E0813400980812 /* CoreGraphics.framework in Frameworks */ = {isa = PBXBuildFile; fileRef = 89A0DDFE17E0813400980812 /* CoreGraphics.framework */; };
		89A0DE0517E0813400980812 /* InfoPlist.strings in Resources */ = {isa = PBXBuildFile; fileRef = 89A0DE0317E0813400980812 /* InfoPlist.strings */; };
		89A0DE0717E0813400980812 /* main.m in Sources */ = {isa = PBXBuildFile; fileRef = 89A0DE0617E0813400980812 /* main.m */; };
		89A0DE0B17E0813400980812 /* ISAppDelegate.m in Sources */ = {isa = PBXBuildFile; fileRef = 89A0DE0A17E0813400980812 /* ISAppDelegate.m */; };
		89A0DE0D17E0813400980812 /* Default.png in Resources */ = {isa = PBXBuildFile; fileRef = 89A0DE0C17E0813400980812 /* Default.png */; };
		89A0DE0F17E0813400980812 /* Default@2x.png in Resources */ = {isa = PBXBuildFile; fileRef = 89A0DE0E17E0813400980812 /* Default@2x.png */; };
		89A0DE1117E0813400980812 /* Default-568h@2x.png in Resources */ = {isa = PBXBuildFile; fileRef = 89A0DE1017E0813400980812 /* Default-568h@2x.png */; };
		89A0DE1417E0813400980812 /* MainStoryboard.storyboard in Resources */ = {isa = PBXBuildFile; fileRef = 89A0DE1217E0813400980812 /* MainStoryboard.storyboard */; };
		89A0DE1717E0813400980812 /* ISViewController.m in Sources */ = {isa = PBXBuildFile; fileRef = 89A0DE1617E0813400980812 /* ISViewController.m */; };
		89A0DE1F17E0835200980812 /* ichiro.png in Resources */ = {isa = PBXBuildFile; fileRef = 89A0DE1D17E0835200980812 /* ichiro.png */; };
		89A0DE2017E0835200980812 /* icon.png in Resources */ = {isa = PBXBuildFile; fileRef = 89A0DE1E17E0835200980812 /* icon.png */; };
		89A0DE7D17E0839100980812 /* ICETutorialController_iPad.xib in Resources */ = {isa = PBXBuildFile; fileRef = 89A0DE4717E0839000980812 /* ICETutorialController_iPad.xib */; };
		89A0DE7E17E0839100980812 /* ICETutorialController_iPhone.xib in Resources */ = {isa = PBXBuildFile; fileRef = 89A0DE4817E0839000980812 /* ICETutorialController_iPhone.xib */; };
		89A0DE7F17E0839100980812 /* ICETutorialController.m in Sources */ = {isa = PBXBuildFile; fileRef = 89A0DE4A17E0839000980812 /* ICETutorialController.m */; };
		89A0DE8017E0839100980812 /* ICETutorialPage.m in Sources */ = {isa = PBXBuildFile; fileRef = 89A0DE4C17E0839000980812 /* ICETutorialPage.m */; };
		89A0DE8117E0839100980812 /* ISAVPlayerSecondView.m in Sources */ = {isa = PBXBuildFile; fileRef = 89A0DE4E17E0839000980812 /* ISAVPlayerSecondView.m */; };
		89A0DE8217E0839100980812 /* ISAVPlayerView.m in Sources */ = {isa = PBXBuildFile; fileRef = 89A0DE5017E0839000980812 /* ISAVPlayerView.m */; };
		89A0DE8417E0839100980812 /* ISCameraViewController.m in Sources */ = {isa = PBXBuildFile; fileRef = 89A0DE5417E0839000980812 /* ISCameraViewController.m */; };
		89A0DE8517E0839100980812 /* ISEditMovieViewController.m in Sources */ = {isa = PBXBuildFile; fileRef = 89A0DE5617E0839000980812 /* ISEditMovieViewController.m */; };
		89A0DE8617E0839100980812 /* ISFullPlayViewController.m in Sources */ = {isa = PBXBuildFile; fileRef = 89A0DE5817E0839000980812 /* ISFullPlayViewController.m */; };
		89A0DE8717E0839100980812 /* ISMovieCollectionCellView.m in Sources */ = {isa = PBXBuildFile; fileRef = 89A0DE5A17E0839000980812 /* ISMovieCollectionCellView.m */; };
		89A0DE8817E0839100980812 /* ISMovieCollectionViewController.m in Sources */ = {isa = PBXBuildFile; fileRef = 89A0DE5C17E0839100980812 /* ISMovieCollectionViewController.m */; };
		89A0DE8917E0839100980812 /* ISMovieEncodeViewController.m in Sources */ = {isa = PBXBuildFile; fileRef = 89A0DE5E17E0839100980812 /* ISMovieEncodeViewController.m */; };
		89A0DE8B17E0839100980812 /* ISReplayCollectionViewCell.m in Sources */ = {isa = PBXBuildFile; fileRef = 89A0DE6217E0839100980812 /* ISReplayCollectionViewCell.m */; };
		89A0DE8C17E0839100980812 /* ISReplayCollectionViewController.m in Sources */ = {isa = PBXBuildFile; fileRef = 89A0DE6417E0839100980812 /* ISReplayCollectionViewController.m */; };
		89A0DE8E17E0849A00980812 /* AVFoundation.framework in Frameworks */ = {isa = PBXBuildFile; fileRef = 89A0DE8D17E0849A00980812 /* AVFoundation.framework */; };
		89A0DE9017E084AE00980812 /* MediaPlayer.framework in Frameworks */ = {isa = PBXBuildFile; fileRef = 89A0DE8F17E084AE00980812 /* MediaPlayer.framework */; };
		89A0DE9217E084B400980812 /* AssetsLibrary.framework in Frameworks */ = {isa = PBXBuildFile; fileRef = 89A0DE9117E084B400980812 /* AssetsLibrary.framework */; };
		89A0DE9417E084BB00980812 /* CoreMedia.framework in Frameworks */ = {isa = PBXBuildFile; fileRef = 89A0DE9317E084BB00980812 /* CoreMedia.framework */; };
		89A0DE9617E084C300980812 /* CoreVideo.framework in Frameworks */ = {isa = PBXBuildFile; fileRef = 89A0DE9517E084C300980812 /* CoreVideo.framework */; };
		89A0DE9C17E0859200980812 /* tutorial_background_00@2x.jpg in Resources */ = {isa = PBXBuildFile; fileRef = 89A0DE9717E0859100980812 /* tutorial_background_00@2x.jpg */; };
		89A0DE9D17E0859200980812 /* tutorial_background_01@2x.jpg in Resources */ = {isa = PBXBuildFile; fileRef = 89A0DE9817E0859100980812 /* tutorial_background_01@2x.jpg */; };
		89A0DE9E17E0859200980812 /* tutorial_background_02@2x.jpg in Resources */ = {isa = PBXBuildFile; fileRef = 89A0DE9917E0859200980812 /* tutorial_background_02@2x.jpg */; };
		89A0DE9F17E0859200980812 /* tutorial_background_03@2x.jpg in Resources */ = {isa = PBXBuildFile; fileRef = 89A0DE9A17E0859200980812 /* tutorial_background_03@2x.jpg */; };
		89A0DEA017E0859200980812 /* tutorial_background_04@2x.jpg in Resources */ = {isa = PBXBuildFile; fileRef = 89A0DE9B17E0859200980812 /* tutorial_background_04@2x.jpg */; };
		89A0DEA817E0DB1800980812 /* greenbutton_off.png in Resources */ = {isa = PBXBuildFile; fileRef = 89A0DEA417E0DB1700980812 /* greenbutton_off.png */; };
		89A0DEA917E0DB1800980812 /* greenbutton_off@2x.png in Resources */ = {isa = PBXBuildFile; fileRef = 89A0DEA517E0DB1800980812 /* greenbutton_off@2x.png */; };
		89A0DEAA17E0DB1800980812 /* greenbutton_on.png in Resources */ = {isa = PBXBuildFile; fileRef = 89A0DEA617E0DB1800980812 /* greenbutton_on.png */; };
		89A0DEAB17E0DB1800980812 /* greenbutton_on@2x.png in Resources */ = {isa = PBXBuildFile; fileRef = 89A0DEA717E0DB1800980812 /* greenbutton_on@2x.png */; };
		89A0DEBA17E1521F00980812 /* bg_white.png in Resources */ = {isa = PBXBuildFile; fileRef = 89A0DEAE17E1521F00980812 /* bg_white.png */; };
		89A0DEBB17E1521F00980812 /* bg_white@2x.png in Resources */ = {isa = PBXBuildFile; fileRef = 89A0DEAF17E1521F00980812 /* bg_white@2x.png */; };
		89A0DEBC17E1521F00980812 /* btn_back.png in Resources */ = {isa = PBXBuildFile; fileRef = 89A0DEB017E1521F00980812 /* btn_back.png */; };
		89A0DEBD17E1521F00980812 /* btn_back@2x.png in Resources */ = {isa = PBXBuildFile; fileRef = 89A0DEB117E1521F00980812 /* btn_back@2x.png */; };
		89A0DEBE17E1521F00980812 /* btn.png in Resources */ = {isa = PBXBuildFile; fileRef = 89A0DEB217E1521F00980812 /* btn.png */; };
		89A0DEBF17E1521F00980812 /* btn@2x.png in Resources */ = {isa = PBXBuildFile; fileRef = 89A0DEB317E1521F00980812 /* btn@2x.png */; };
		89A0DEC017E1521F00980812 /* info_64.png in Resources */ = {isa = PBXBuildFile; fileRef = 89A0DEB417E1521F00980812 /* info_64.png */; };
		89A0DEC117E1521F00980812 /* nav_top.png in Resources */ = {isa = PBXBuildFile; fileRef = 89A0DEB517E1521F00980812 /* nav_top.png */; };
		89A0DEC217E1521F00980812 /* nav_top@2x.png in Resources */ = {isa = PBXBuildFile; fileRef = 89A0DEB617E1521F00980812 /* nav_top@2x.png */; };
		89A0DEC317E1521F00980812 /* video_pause_48.png in Resources */ = {isa = PBXBuildFile; fileRef = 89A0DEB717E1521F00980812 /* video_pause_48.png */; };
		89A0DEC417E1521F00980812 /* video_previous_48.png in Resources */ = {isa = PBXBuildFile; fileRef = 89A0DEB817E1521F00980812 /* video_previous_48.png */; };
		89A0DEC517E1521F00980812 /* video_rec_64.png in Resources */ = {isa = PBXBuildFile; fileRef = 89A0DEB917E1521F00980812 /* video_rec_64.png */; };
/* End PBXBuildFile section */

/* Begin PBXFileReference section */
		89A0DDF717E0813400980812 /* newGummer.app */ = {isa = PBXFileReference; explicitFileType = wrapper.application; includeInIndex = 0; path = newGummer.app; sourceTree = BUILT_PRODUCTS_DIR; };
		89A0DDFA17E0813400980812 /* UIKit.framework */ = {isa = PBXFileReference; lastKnownFileType = wrapper.framework; name = UIKit.framework; path = System/Library/Frameworks/UIKit.framework; sourceTree = SDKROOT; };
		89A0DDFC17E0813400980812 /* Foundation.framework */ = {isa = PBXFileReference; lastKnownFileType = wrapper.framework; name = Foundation.framework; path = System/Library/Frameworks/Foundation.framework; sourceTree = SDKROOT; };
		89A0DDFE17E0813400980812 /* CoreGraphics.framework */ = {isa = PBXFileReference; lastKnownFileType = wrapper.framework; name = CoreGraphics.framework; path = System/Library/Frameworks/CoreGraphics.framework; sourceTree = SDKROOT; };
		89A0DE0217E0813400980812 /* newGummer-Info.plist */ = {isa = PBXFileReference; lastKnownFileType = text.plist.xml; path = "newGummer-Info.plist"; sourceTree = "<group>"; };
		89A0DE0417E0813400980812 /* en */ = {isa = PBXFileReference; lastKnownFileType = text.plist.strings; name = en; path = en.lproj/InfoPlist.strings; sourceTree = "<group>"; };
		89A0DE0617E0813400980812 /* main.m */ = {isa = PBXFileReference; lastKnownFileType = sourcecode.c.objc; path = main.m; sourceTree = "<group>"; };
		89A0DE0817E0813400980812 /* newGummer-Prefix.pch */ = {isa = PBXFileReference; lastKnownFileType = sourcecode.c.h; path = "newGummer-Prefix.pch"; sourceTree = "<group>"; };
		89A0DE0917E0813400980812 /* ISAppDelegate.h */ = {isa = PBXFileReference; lastKnownFileType = sourcecode.c.h; path = ISAppDelegate.h; sourceTree = "<group>"; };
		89A0DE0A17E0813400980812 /* ISAppDelegate.m */ = {isa = PBXFileReference; lastKnownFileType = sourcecode.c.objc; path = ISAppDelegate.m; sourceTree = "<group>"; };
		89A0DE0C17E0813400980812 /* Default.png */ = {isa = PBXFileReference; lastKnownFileType = image.png; path = Default.png; sourceTree = "<group>"; };
		89A0DE0E17E0813400980812 /* Default@2x.png */ = {isa = PBXFileReference; lastKnownFileType = image.png; path = "Default@2x.png"; sourceTree = "<group>"; };
		89A0DE1017E0813400980812 /* Default-568h@2x.png */ = {isa = PBXFileReference; lastKnownFileType = image.png; path = "Default-568h@2x.png"; sourceTree = "<group>"; };
		89A0DE1317E0813400980812 /* en */ = {isa = PBXFileReference; lastKnownFileType = file.storyboard; name = en; path = en.lproj/MainStoryboard.storyboard; sourceTree = "<group>"; };
		89A0DE1517E0813400980812 /* ISViewController.h */ = {isa = PBXFileReference; lastKnownFileType = sourcecode.c.h; path = ISViewController.h; sourceTree = "<group>"; };
		89A0DE1617E0813400980812 /* ISViewController.m */ = {isa = PBXFileReference; lastKnownFileType = sourcecode.c.objc; path = ISViewController.m; sourceTree = "<group>"; };
		89A0DE1D17E0835200980812 /* ichiro.png */ = {isa = PBXFileReference; lastKnownFileType = image.png; path = ichiro.png; sourceTree = "<group>"; };
		89A0DE1E17E0835200980812 /* icon.png */ = {isa = PBXFileReference; lastKnownFileType = image.png; path = icon.png; sourceTree = "<group>"; };
		89A0DE4717E0839000980812 /* ICETutorialController_iPad.xib */ = {isa = PBXFileReference; fileEncoding = 4; lastKnownFileType = file.xib; path = ICETutorialController_iPad.xib; sourceTree = "<group>"; };
		89A0DE4817E0839000980812 /* ICETutorialController_iPhone.xib */ = {isa = PBXFileReference; fileEncoding = 4; lastKnownFileType = file.xib; path = ICETutorialController_iPhone.xib; sourceTree = "<group>"; };
		89A0DE4917E0839000980812 /* ICETutorialController.h */ = {isa = PBXFileReference; fileEncoding = 4; lastKnownFileType = sourcecode.c.h; path = ICETutorialController.h; sourceTree = "<group>"; };
		89A0DE4A17E0839000980812 /* ICETutorialController.m */ = {isa = PBXFileReference; fileEncoding = 4; lastKnownFileType = sourcecode.c.objc; path = ICETutorialController.m; sourceTree = "<group>"; };
		89A0DE4B17E0839000980812 /* ICETutorialPage.h */ = {isa = PBXFileReference; fileEncoding = 4; lastKnownFileType = sourcecode.c.h; path = ICETutorialPage.h; sourceTree = "<group>"; };
		89A0DE4C17E0839000980812 /* ICETutorialPage.m */ = {isa = PBXFileReference; fileEncoding = 4; lastKnownFileType = sourcecode.c.objc; path = ICETutorialPage.m; sourceTree = "<group>"; };
		89A0DE4D17E0839000980812 /* ISAVPlayerSecondView.h */ = {isa = PBXFileReference; fileEncoding = 4; lastKnownFileType = sourcecode.c.h; path = ISAVPlayerSecondView.h; sourceTree = "<group>"; };
		89A0DE4E17E0839000980812 /* ISAVPlayerSecondView.m */ = {isa = PBXFileReference; fileEncoding = 4; lastKnownFileType = sourcecode.c.objc; path = ISAVPlayerSecondView.m; sourceTree = "<group>"; };
		89A0DE4F17E0839000980812 /* ISAVPlayerView.h */ = {isa = PBXFileReference; fileEncoding = 4; lastKnownFileType = sourcecode.c.h; path = ISAVPlayerView.h; sourceTree = "<group>"; };
		89A0DE5017E0839000980812 /* ISAVPlayerView.m */ = {isa = PBXFileReference; fileEncoding = 4; lastKnownFileType = sourcecode.c.objc; path = ISAVPlayerView.m; sourceTree = "<group>"; };
		89A0DE5317E0839000980812 /* ISCameraViewController.h */ = {isa = PBXFileReference; fileEncoding = 4; lastKnownFileType = sourcecode.c.h; path = ISCameraViewController.h; sourceTree = "<group>"; };
		89A0DE5417E0839000980812 /* ISCameraViewController.m */ = {isa = PBXFileReference; fileEncoding = 4; lastKnownFileType = sourcecode.c.objc; path = ISCameraViewController.m; sourceTree = "<group>"; };
		89A0DE5517E0839000980812 /* ISEditMovieViewController.h */ = {isa = PBXFileReference; fileEncoding = 4; lastKnownFileType = sourcecode.c.h; path = ISEditMovieViewController.h; sourceTree = "<group>"; };
		89A0DE5617E0839000980812 /* ISEditMovieViewController.m */ = {isa = PBXFileReference; fileEncoding = 4; lastKnownFileType = sourcecode.c.objc; path = ISEditMovieViewController.m; sourceTree = "<group>"; };
		89A0DE5717E0839000980812 /* ISFullPlayViewController.h */ = {isa = PBXFileReference; fileEncoding = 4; lastKnownFileType = sourcecode.c.h; path = ISFullPlayViewController.h; sourceTree = "<group>"; };
		89A0DE5817E0839000980812 /* ISFullPlayViewController.m */ = {isa = PBXFileReference; fileEncoding = 4; lastKnownFileType = sourcecode.c.objc; path = ISFullPlayViewController.m; sourceTree = "<group>"; };
		89A0DE5917E0839000980812 /* ISMovieCollectionCellView.h */ = {isa = PBXFileReference; fileEncoding = 4; lastKnownFileType = sourcecode.c.h; path = ISMovieCollectionCellView.h; sourceTree = "<group>"; };
		89A0DE5A17E0839000980812 /* ISMovieCollectionCellView.m */ = {isa = PBXFileReference; fileEncoding = 4; lastKnownFileType = sourcecode.c.objc; path = ISMovieCollectionCellView.m; sourceTree = "<group>"; };
		89A0DE5B17E0839100980812 /* ISMovieCollectionViewController.h */ = {isa = PBXFileReference; fileEncoding = 4; lastKnownFileType = sourcecode.c.h; path = ISMovieCollectionViewController.h; sourceTree = "<group>"; };
		89A0DE5C17E0839100980812 /* ISMovieCollectionViewController.m */ = {isa = PBXFileReference; fileEncoding = 4; lastKnownFileType = sourcecode.c.objc; path = ISMovieCollectionViewController.m; sourceTree = "<group>"; };
		89A0DE5D17E0839100980812 /* ISMovieEncodeViewController.h */ = {isa = PBXFileReference; fileEncoding = 4; lastKnownFileType = sourcecode.c.h; path = ISMovieEncodeViewController.h; sourceTree = "<group>"; };
		89A0DE5E17E0839100980812 /* ISMovieEncodeViewController.m */ = {isa = PBXFileReference; fileEncoding = 4; lastKnownFileType = sourcecode.c.objc; path = ISMovieEncodeViewController.m; sourceTree = "<group>"; };
		89A0DE6117E0839100980812 /* ISReplayCollectionViewCell.h */ = {isa = PBXFileReference; fileEncoding = 4; lastKnownFileType = sourcecode.c.h; path = ISReplayCollectionViewCell.h; sourceTree = "<group>"; };
		89A0DE6217E0839100980812 /* ISReplayCollectionViewCell.m */ = {isa = PBXFileReference; fileEncoding = 4; lastKnownFileType = sourcecode.c.objc; path = ISReplayCollectionViewCell.m; sourceTree = "<group>"; };
		89A0DE6317E0839100980812 /* ISReplayCollectionViewController.h */ = {isa = PBXFileReference; fileEncoding = 4; lastKnownFileType = sourcecode.c.h; path = ISReplayCollectionViewController.h; sourceTree = "<group>"; };
		89A0DE6417E0839100980812 /* ISReplayCollectionViewController.m */ = {isa = PBXFileReference; fileEncoding = 4; lastKnownFileType = sourcecode.c.objc; path = ISReplayCollectionViewController.m; sourceTree = "<group>"; };
		89A0DE8D17E0849A00980812 /* AVFoundation.framework */ = {isa = PBXFileReference; lastKnownFileType = wrapper.framework; name = AVFoundation.framework; path = System/Library/Frameworks/AVFoundation.framework; sourceTree = SDKROOT; };
		89A0DE8F17E084AE00980812 /* MediaPlayer.framework */ = {isa = PBXFileReference; lastKnownFileType = wrapper.framework; name = MediaPlayer.framework; path = System/Library/Frameworks/MediaPlayer.framework; sourceTree = SDKROOT; };
		89A0DE9117E084B400980812 /* AssetsLibrary.framework */ = {isa = PBXFileReference; lastKnownFileType = wrapper.framework; name = AssetsLibrary.framework; path = System/Library/Frameworks/AssetsLibrary.framework; sourceTree = SDKROOT; };
		89A0DE9317E084BB00980812 /* CoreMedia.framework */ = {isa = PBXFileReference; lastKnownFileType = wrapper.framework; name = CoreMedia.framework; path = System/Library/Frameworks/CoreMedia.framework; sourceTree = SDKROOT; };
		89A0DE9517E084C300980812 /* CoreVideo.framework */ = {isa = PBXFileReference; lastKnownFileType = wrapper.framework; name = CoreVideo.framework; path = System/Library/Frameworks/CoreVideo.framework; sourceTree = SDKROOT; };
		89A0DE9717E0859100980812 /* tutorial_background_00@2x.jpg */ = {isa = PBXFileReference; lastKnownFileType = image.jpeg; path = "tutorial_background_00@2x.jpg"; sourceTree = "<group>"; };
		89A0DE9817E0859100980812 /* tutorial_background_01@2x.jpg */ = {isa = PBXFileReference; lastKnownFileType = image.jpeg; path = "tutorial_background_01@2x.jpg"; sourceTree = "<group>"; };
		89A0DE9917E0859200980812 /* tutorial_background_02@2x.jpg */ = {isa = PBXFileReference; lastKnownFileType = image.jpeg; path = "tutorial_background_02@2x.jpg"; sourceTree = "<group>"; };
		89A0DE9A17E0859200980812 /* tutorial_background_03@2x.jpg */ = {isa = PBXFileReference; lastKnownFileType = image.jpeg; path = "tutorial_background_03@2x.jpg"; sourceTree = "<group>"; };
		89A0DE9B17E0859200980812 /* tutorial_background_04@2x.jpg */ = {isa = PBXFileReference; lastKnownFileType = image.jpeg; path = "tutorial_background_04@2x.jpg"; sourceTree = "<group>"; };
		89A0DEA417E0DB1700980812 /* greenbutton_off.png */ = {isa = PBXFileReference; lastKnownFileType = image.png; path = greenbutton_off.png; sourceTree = "<group>"; };
		89A0DEA517E0DB1800980812 /* greenbutton_off@2x.png */ = {isa = PBXFileReference; lastKnownFileType = image.png; path = "greenbutton_off@2x.png"; sourceTree = "<group>"; };
		89A0DEA617E0DB1800980812 /* greenbutton_on.png */ = {isa = PBXFileReference; lastKnownFileType = image.png; path = greenbutton_on.png; sourceTree = "<group>"; };
		89A0DEA717E0DB1800980812 /* greenbutton_on@2x.png */ = {isa = PBXFileReference; lastKnownFileType = image.png; path = "greenbutton_on@2x.png"; sourceTree = "<group>"; };
		89A0DEAE17E1521F00980812 /* bg_white.png */ = {isa = PBXFileReference; lastKnownFileType = image.png; path = bg_white.png; sourceTree = "<group>"; };
		89A0DEAF17E1521F00980812 /* bg_white@2x.png */ = {isa = PBXFileReference; lastKnownFileType = image.png; path = "bg_white@2x.png"; sourceTree = "<group>"; };
		89A0DEB017E1521F00980812 /* btn_back.png */ = {isa = PBXFileReference; lastKnownFileType = image.png; path = btn_back.png; sourceTree = "<group>"; };
		89A0DEB117E1521F00980812 /* btn_back@2x.png */ = {isa = PBXFileReference; lastKnownFileType = image.png; path = "btn_back@2x.png"; sourceTree = "<group>"; };
		89A0DEB217E1521F00980812 /* btn.png */ = {isa = PBXFileReference; lastKnownFileType = image.png; path = btn.png; sourceTree = "<group>"; };
		89A0DEB317E1521F00980812 /* btn@2x.png */ = {isa = PBXFileReference; lastKnownFileType = image.png; path = "btn@2x.png"; sourceTree = "<group>"; };
		89A0DEB417E1521F00980812 /* info_64.png */ = {isa = PBXFileReference; lastKnownFileType = image.png; path = info_64.png; sourceTree = "<group>"; };
		89A0DEB517E1521F00980812 /* nav_top.png */ = {isa = PBXFileReference; lastKnownFileType = image.png; path = nav_top.png; sourceTree = "<group>"; };
		89A0DEB617E1521F00980812 /* nav_top@2x.png */ = {isa = PBXFileReference; lastKnownFileType = image.png; path = "nav_top@2x.png"; sourceTree = "<group>"; };
		89A0DEB717E1521F00980812 /* video_pause_48.png */ = {isa = PBXFileReference; lastKnownFileType = image.png; path = video_pause_48.png; sourceTree = "<group>"; };
		89A0DEB817E1521F00980812 /* video_previous_48.png */ = {isa = PBXFileReference; lastKnownFileType = image.png; path = video_previous_48.png; sourceTree = "<group>"; };
		89A0DEB917E1521F00980812 /* video_rec_64.png */ = {isa = PBXFileReference; lastKnownFileType = image.png; path = video_rec_64.png; sourceTree = "<group>"; };
/* End PBXFileReference section */

/* Begin PBXFrameworksBuildPhase section */
		89A0DDF417E0813400980812 /* Frameworks */ = {
			isa = PBXFrameworksBuildPhase;
			buildActionMask = 2147483647;
			files = (
				89A0DE9617E084C300980812 /* CoreVideo.framework in Frameworks */,
				89A0DE9417E084BB00980812 /* CoreMedia.framework in Frameworks */,
				89A0DE9217E084B400980812 /* AssetsLibrary.framework in Frameworks */,
				89A0DE9017E084AE00980812 /* MediaPlayer.framework in Frameworks */,
				89A0DE8E17E0849A00980812 /* AVFoundation.framework in Frameworks */,
				89A0DDFB17E0813400980812 /* UIKit.framework in Frameworks */,
				89A0DDFD17E0813400980812 /* Foundation.framework in Frameworks */,
				89A0DDFF17E0813400980812 /* CoreGraphics.framework in Frameworks */,
			);
			runOnlyForDeploymentPostprocessing = 0;
		};
/* End PBXFrameworksBuildPhase section */

/* Begin PBXGroup section */
		89A0DDEE17E0813400980812 = {
			isa = PBXGroup;
			children = (
				89A0DE0017E0813400980812 /* newGummer */,
				89A0DDF917E0813400980812 /* Frameworks */,
				89A0DDF817E0813400980812 /* Products */,
			);
			sourceTree = "<group>";
		};
		89A0DDF817E0813400980812 /* Products */ = {
			isa = PBXGroup;
			children = (
				89A0DDF717E0813400980812 /* newGummer.app */,
			);
			name = Products;
			sourceTree = "<group>";
		};
		89A0DDF917E0813400980812 /* Frameworks */ = {
			isa = PBXGroup;
			children = (
				89A0DE9517E084C300980812 /* CoreVideo.framework */,
				89A0DE9317E084BB00980812 /* CoreMedia.framework */,
				89A0DE9117E084B400980812 /* AssetsLibrary.framework */,
				89A0DE8F17E084AE00980812 /* MediaPlayer.framework */,
				89A0DE8D17E0849A00980812 /* AVFoundation.framework */,
				89A0DDFA17E0813400980812 /* UIKit.framework */,
				89A0DDFC17E0813400980812 /* Foundation.framework */,
				89A0DDFE17E0813400980812 /* CoreGraphics.framework */,
			);
			name = Frameworks;
			sourceTree = "<group>";
		};
		89A0DE0017E0813400980812 /* newGummer */ = {
			isa = PBXGroup;
			children = (
				89A0DEA117E0922500980812 /* Library */,
				89A0DE0917E0813400980812 /* ISAppDelegate.h */,
				89A0DE0A17E0813400980812 /* ISAppDelegate.m */,
				89A0DE1217E0813400980812 /* MainStoryboard.storyboard */,
				89A0DEA217E0924600980812 /* View */,
				89A0DEA317E0925D00980812 /* Controller */,
				89A0DE0117E0813400980812 /* Supporting Files */,
			);
			path = newGummer;
			sourceTree = "<group>";
		};
		89A0DE0117E0813400980812 /* Supporting Files */ = {
			isa = PBXGroup;
			children = (
				89A0DEAD17E151FD00980812 /* image */,
				89A0DE1D17E0835200980812 /* ichiro.png */,
				89A0DE1E17E0835200980812 /* icon.png */,
				89A0DE0217E0813400980812 /* newGummer-Info.plist */,
				89A0DE0317E0813400980812 /* InfoPlist.strings */,
				89A0DE0617E0813400980812 /* main.m */,
				89A0DE0817E0813400980812 /* newGummer-Prefix.pch */,
				89A0DE0C17E0813400980812 /* Default.png */,
				89A0DE0E17E0813400980812 /* Default@2x.png */,
				89A0DE1017E0813400980812 /* Default-568h@2x.png */,
			);
			name = "Supporting Files";
			sourceTree = "<group>";
		};
		89A0DEA117E0922500980812 /* Library */ = {
			isa = PBXGroup;
			children = (
				89A0DE9717E0859100980812 /* tutorial_background_00@2x.jpg */,
				89A0DE9817E0859100980812 /* tutorial_background_01@2x.jpg */,
				89A0DE9917E0859200980812 /* tutorial_background_02@2x.jpg */,
				89A0DE9A17E0859200980812 /* tutorial_background_03@2x.jpg */,
				89A0DE9B17E0859200980812 /* tutorial_background_04@2x.jpg */,
				89A0DE4717E0839000980812 /* ICETutorialController_iPad.xib */,
				89A0DE4817E0839000980812 /* ICETutorialController_iPhone.xib */,
				89A0DE4917E0839000980812 /* ICETutorialController.h */,
				89A0DE4A17E0839000980812 /* ICETutorialController.m */,
				89A0DE4B17E0839000980812 /* ICETutorialPage.h */,
				89A0DE4C17E0839000980812 /* ICETutorialPage.m */,
			);
			name = Library;
			sourceTree = "<group>";
		};
		89A0DEA217E0924600980812 /* View */ = {
			isa = PBXGroup;
			children = (
				89A0DE4D17E0839000980812 /* ISAVPlayerSecondView.h */,
				89A0DE4E17E0839000980812 /* ISAVPlayerSecondView.m */,
				89A0DE4F17E0839000980812 /* ISAVPlayerView.h */,
				89A0DE5017E0839000980812 /* ISAVPlayerView.m */,
				89A0DE5917E0839000980812 /* ISMovieCollectionCellView.h */,
				89A0DE5A17E0839000980812 /* ISMovieCollectionCellView.m */,
				89A0DE6117E0839100980812 /* ISReplayCollectionViewCell.h */,
				89A0DE6217E0839100980812 /* ISReplayCollectionViewCell.m */,
			);
			name = View;
			sourceTree = "<group>";
		};
		89A0DEA317E0925D00980812 /* Controller */ = {
			isa = PBXGroup;
			children = (
				89A0DE1517E0813400980812 /* ISViewController.h */,
				89A0DE1617E0813400980812 /* ISViewController.m */,
				89A0DE5317E0839000980812 /* ISCameraViewController.h */,
				89A0DE5417E0839000980812 /* ISCameraViewController.m */,
				89A0DE5517E0839000980812 /* ISEditMovieViewController.h */,
				89A0DE5617E0839000980812 /* ISEditMovieViewController.m */,
				89A0DE5717E0839000980812 /* ISFullPlayViewController.h */,
				89A0DE5817E0839000980812 /* ISFullPlayViewController.m */,
				89A0DE5B17E0839100980812 /* ISMovieCollectionViewController.h */,
				89A0DE5C17E0839100980812 /* ISMovieCollectionViewController.m */,
				89A0DE5D17E0839100980812 /* ISMovieEncodeViewController.h */,
				89A0DE5E17E0839100980812 /* ISMovieEncodeViewController.m */,
				89A0DE6317E0839100980812 /* ISReplayCollectionViewController.h */,
				89A0DE6417E0839100980812 /* ISReplayCollectionViewController.m */,
			);
			name = Controller;
			sourceTree = "<group>";
		};
		89A0DEAD17E151FD00980812 /* image */ = {
			isa = PBXGroup;
			children = (
				89A0DEAE17E1521F00980812 /* bg_white.png */,
				89A0DEAF17E1521F00980812 /* bg_white@2x.png */,
				89A0DEB017E1521F00980812 /* btn_back.png */,
				89A0DEB117E1521F00980812 /* btn_back@2x.png */,
				89A0DEB217E1521F00980812 /* btn.png */,
				89A0DEB317E1521F00980812 /* btn@2x.png */,
				89A0DEB417E1521F00980812 /* info_64.png */,
				89A0DEB517E1521F00980812 /* nav_top.png */,
				89A0DEB617E1521F00980812 /* nav_top@2x.png */,
				89A0DEB717E1521F00980812 /* video_pause_48.png */,
				89A0DEB817E1521F00980812 /* video_previous_48.png */,
				89A0DEB917E1521F00980812 /* video_rec_64.png */,
				89A0DEA417E0DB1700980812 /* greenbutton_off.png */,
				89A0DEA517E0DB1800980812 /* greenbutton_off@2x.png */,
				89A0DEA617E0DB1800980812 /* greenbutton_on.png */,
				89A0DEA717E0DB1800980812 /* greenbutton_on@2x.png */,
			);
			name = image;
			sourceTree = "<group>";
		};
/* End PBXGroup section */

/* Begin PBXNativeTarget section */
		89A0DDF617E0813400980812 /* newGummer */ = {
			isa = PBXNativeTarget;
			buildConfigurationList = 89A0DE1A17E0813400980812 /* Build configuration list for PBXNativeTarget "newGummer" */;
			buildPhases = (
				89A0DDF317E0813400980812 /* Sources */,
				89A0DDF417E0813400980812 /* Frameworks */,
				89A0DDF517E0813400980812 /* Resources */,
			);
			buildRules = (
			);
			dependencies = (
			);
			name = newGummer;
			productName = newGummer;
			productReference = 89A0DDF717E0813400980812 /* newGummer.app */;
			productType = "com.apple.product-type.application";
		};
/* End PBXNativeTarget section */

/* Begin PBXProject section */
		89A0DDEF17E0813400980812 /* Project object */ = {
			isa = PBXProject;
			attributes = {
				CLASSPREFIX = IS;
				LastUpgradeCheck = 0460;
				ORGANIZATIONNAME = "IPLAB-Kanno";
			};
			buildConfigurationList = 89A0DDF217E0813400980812 /* Build configuration list for PBXProject "newGummer" */;
			compatibilityVersion = "Xcode 3.2";
			developmentRegion = English;
			hasScannedForEncodings = 0;
			knownRegions = (
				en,
			);
			mainGroup = 89A0DDEE17E0813400980812;
			productRefGroup = 89A0DDF817E0813400980812 /* Products */;
			projectDirPath = "";
			projectRoot = "";
			targets = (
				89A0DDF617E0813400980812 /* newGummer */,
			);
		};
/* End PBXProject section */

/* Begin PBXResourcesBuildPhase section */
		89A0DDF517E0813400980812 /* Resources */ = {
			isa = PBXResourcesBuildPhase;
			buildActionMask = 2147483647;
			files = (
				89A0DE0517E0813400980812 /* InfoPlist.strings in Resources */,
				89A0DE0D17E0813400980812 /* Default.png in Resources */,
				89A0DE0F17E0813400980812 /* Default@2x.png in Resources */,
				89A0DE1117E0813400980812 /* Default-568h@2x.png in Resources */,
				89A0DE1417E0813400980812 /* MainStoryboard.storyboard in Resources */,
				89A0DE1F17E0835200980812 /* ichiro.png in Resources */,
				89A0DE2017E0835200980812 /* icon.png in Resources */,
				89A0DE7D17E0839100980812 /* ICETutorialController_iPad.xib in Resources */,
				89A0DE7E17E0839100980812 /* ICETutorialController_iPhone.xib in Resources */,
				89A0DE9C17E0859200980812 /* tutorial_background_00@2x.jpg in Resources */,
				89A0DE9D17E0859200980812 /* tutorial_background_01@2x.jpg in Resources */,
				89A0DE9E17E0859200980812 /* tutorial_background_02@2x.jpg in Resources */,
				89A0DE9F17E0859200980812 /* tutorial_background_03@2x.jpg in Resources */,
				89A0DEA017E0859200980812 /* tutorial_background_04@2x.jpg in Resources */,
				89A0DEA817E0DB1800980812 /* greenbutton_off.png in Resources */,
				89A0DEA917E0DB1800980812 /* greenbutton_off@2x.png in Resources */,
				89A0DEAA17E0DB1800980812 /* greenbutton_on.png in Resources */,
				89A0DEAB17E0DB1800980812 /* greenbutton_on@2x.png in Resources */,
				89A0DEBA17E1521F00980812 /* bg_white.png in Resources */,
				89A0DEBB17E1521F00980812 /* bg_white@2x.png in Resources */,
				89A0DEBC17E1521F00980812 /* btn_back.png in Resources */,
				89A0DEBD17E1521F00980812 /* btn_back@2x.png in Resources */,
				89A0DEBE17E1521F00980812 /* btn.png in Resources */,
				89A0DEBF17E1521F00980812 /* btn@2x.png in Resources */,
				89A0DEC017E1521F00980812 /* info_64.png in Resources */,
				89A0DEC117E1521F00980812 /* nav_top.png in Resources */,
				89A0DEC217E1521F00980812 /* nav_top@2x.png in Resources */,
				89A0DEC317E1521F00980812 /* video_pause_48.png in Resources */,
				89A0DEC417E1521F00980812 /* video_previous_48.png in Resources */,
				89A0DEC517E1521F00980812 /* video_rec_64.png in Resources */,
			);
			runOnlyForDeploymentPostprocessing = 0;
		};
/* End PBXResourcesBuildPhase section */

/* Begin PBXSourcesBuildPhase section */
		89A0DDF317E0813400980812 /* Sources */ = {
			isa = PBXSourcesBuildPhase;
			buildActionMask = 2147483647;
			files = (
				89A0DE0717E0813400980812 /* main.m in Sources */,
				89A0DE0B17E0813400980812 /* ISAppDelegate.m in Sources */,
				89A0DE1717E0813400980812 /* ISViewController.m in Sources */,
				89A0DE7F17E0839100980812 /* ICETutorialController.m in Sources */,
				89A0DE8017E0839100980812 /* ICETutorialPage.m in Sources */,
				89A0DE8117E0839100980812 /* ISAVPlayerSecondView.m in Sources */,
				89A0DE8217E0839100980812 /* ISAVPlayerView.m in Sources */,
				89A0DE8417E0839100980812 /* ISCameraViewController.m in Sources */,
				89A0DE8517E0839100980812 /* ISEditMovieViewController.m in Sources */,
				89A0DE8617E0839100980812 /* ISFullPlayViewController.m in Sources */,
				89A0DE8717E0839100980812 /* ISMovieCollectionCellView.m in Sources */,
				89A0DE8817E0839100980812 /* ISMovieCollectionViewController.m in Sources */,
				89A0DE8917E0839100980812 /* ISMovieEncodeViewController.m in Sources */,
				89A0DE8B17E0839100980812 /* ISReplayCollectionViewCell.m in Sources */,
				89A0DE8C17E0839100980812 /* ISReplayCollectionViewController.m in Sources */,
			);
			runOnlyForDeploymentPostprocessing = 0;
		};
/* End PBXSourcesBuildPhase section */

/* Begin PBXVariantGroup section */
		89A0DE0317E0813400980812 /* InfoPlist.strings */ = {
			isa = PBXVariantGroup;
			children = (
				89A0DE0417E0813400980812 /* en */,
			);
			name = InfoPlist.strings;
			sourceTree = "<group>";
		};
		89A0DE1217E0813400980812 /* MainStoryboard.storyboard */ = {
			isa = PBXVariantGroup;
			children = (
				89A0DE1317E0813400980812 /* en */,
			);
			name = MainStoryboard.storyboard;
			sourceTree = "<group>";
		};
/* End PBXVariantGroup section */

/* Begin XCBuildConfiguration section */
		89A0DE1817E0813400980812 /* Debug */ = {
			isa = XCBuildConfiguration;
			buildSettings = {
				ALWAYS_SEARCH_USER_PATHS = NO;
				CLANG_CXX_LANGUAGE_STANDARD = "gnu++0x";
				CLANG_CXX_LIBRARY = "libc++";
				CLANG_ENABLE_OBJC_ARC = YES;
				CLANG_WARN_CONSTANT_CONVERSION = YES;
				CLANG_WARN_EMPTY_BODY = YES;
				CLANG_WARN_ENUM_CONVERSION = YES;
				CLANG_WARN_INT_CONVERSION = YES;
				CLANG_WARN__DUPLICATE_METHOD_MATCH = YES;
				"CODE_SIGN_IDENTITY[sdk=iphoneos*]" = "iPhone Developer";
				COPY_PHASE_STRIP = NO;
				GCC_C_LANGUAGE_STANDARD = gnu99;
				GCC_DYNAMIC_NO_PIC = NO;
				GCC_OPTIMIZATION_LEVEL = 0;
				GCC_PREPROCESSOR_DEFINITIONS = (
					"DEBUG=1",
					"$(inherited)",
				);
				GCC_SYMBOLS_PRIVATE_EXTERN = NO;
				GCC_WARN_ABOUT_RETURN_TYPE = YES;
				GCC_WARN_UNINITIALIZED_AUTOS = YES;
				GCC_WARN_UNUSED_VARIABLE = YES;
				IPHONEOS_DEPLOYMENT_TARGET = 6.1;
				ONLY_ACTIVE_ARCH = YES;
				SDKROOT = iphoneos;
			};
			name = Debug;
		};
		89A0DE1917E0813400980812 /* Release */ = {
			isa = XCBuildConfiguration;
			buildSettings = {
				ALWAYS_SEARCH_USER_PATHS = NO;
				CLANG_CXX_LANGUAGE_STANDARD = "gnu++0x";
				CLANG_CXX_LIBRARY = "libc++";
				CLANG_ENABLE_OBJC_ARC = YES;
				CLANG_WARN_CONSTANT_CONVERSION = YES;
				CLANG_WARN_EMPTY_BODY = YES;
				CLANG_WARN_ENUM_CONVERSION = YES;
				CLANG_WARN_INT_CONVERSION = YES;
				CLANG_WARN__DUPLICATE_METHOD_MATCH = YES;
				"CODE_SIGN_IDENTITY[sdk=iphoneos*]" = "iPhone Developer";
				COPY_PHASE_STRIP = YES;
				GCC_C_LANGUAGE_STANDARD = gnu99;
				GCC_WARN_ABOUT_RETURN_TYPE = YES;
				GCC_WARN_UNINITIALIZED_AUTOS = YES;
				GCC_WARN_UNUSED_VARIABLE = YES;
				IPHONEOS_DEPLOYMENT_TARGET = 6.1;
				OTHER_CFLAGS = "-DNS_BLOCK_ASSERTIONS=1";
				SDKROOT = iphoneos;
				VALIDATE_PRODUCT = YES;
			};
			name = Release;
		};
		89A0DE1B17E0813400980812 /* Debug */ = {
			isa = XCBuildConfiguration;
			buildSettings = {
				CODE_SIGN_IDENTITY = "iPhone Developer: Ippei Otsuka (JZW5DJYPD8)";
				"CODE_SIGN_IDENTITY[sdk=iphoneos*]" = "iPhone Developer: Ippei Otsuka (JZW5DJYPD8)";
				GCC_PRECOMPILE_PREFIX_HEADER = YES;
				GCC_PREFIX_HEADER = "newGummer/newGummer-Prefix.pch";
				INFOPLIST_FILE = "newGummer/newGummer-Info.plist";
				IPHONEOS_DEPLOYMENT_TARGET = 6.0;
				PRODUCT_NAME = "$(TARGET_NAME)";
				PROVISIONING_PROFILE = "266FEA73-A10C-45FC-B366-A2BD60B2FF21";
				"PROVISIONING_PROFILE[sdk=iphoneos*]" = "266FEA73-A10C-45FC-B366-A2BD60B2FF21";
				WRAPPER_EXTENSION = app;
			};
			name = Debug;
		};
		89A0DE1C17E0813400980812 /* Release */ = {
			isa = XCBuildConfiguration;
			buildSettings = {
				CODE_SIGN_IDENTITY = "iPhone Developer: Ippei Otsuka (JZW5DJYPD8)";
				"CODE_SIGN_IDENTITY[sdk=iphoneos*]" = "iPhone Developer: Ippei Otsuka (JZW5DJYPD8)";
				GCC_PRECOMPILE_PREFIX_HEADER = YES;
				GCC_PREFIX_HEADER = "newGummer/newGummer-Prefix.pch";
				INFOPLIST_FILE = "newGummer/newGummer-Info.plist";
				IPHONEOS_DEPLOYMENT_TARGET = 6.0;
				PRODUCT_NAME = "$(TARGET_NAME)";
				PROVISIONING_PROFILE = "266FEA73-A10C-45FC-B366-A2BD60B2FF21";
				"PROVISIONING_PROFILE[sdk=iphoneos*]" = "266FEA73-A10C-45FC-B366-A2BD60B2FF21";
				WRAPPER_EXTENSION = app;
			};
			name = Release;
		};
/* End XCBuildConfiguration section */

/* Begin XCConfigurationList section */
		89A0DDF217E0813400980812 /* Build configuration list for PBXProject "newGummer" */ = {
			isa = XCConfigurationList;
			buildConfigurations = (
				89A0DE1817E0813400980812 /* Debug */,
				89A0DE1917E0813400980812 /* Release */,
			);
			defaultConfigurationIsVisible = 0;
			defaultConfigurationName = Release;
		};
		89A0DE1A17E0813400980812 /* Build configuration list for PBXNativeTarget "newGummer" */ = {
			isa = XCConfigurationList;
			buildConfigurations = (
				89A0DE1B17E0813400980812 /* Debug */,
				89A0DE1C17E0813400980812 /* Release */,
			);
			defaultConfigurationIsVisible = 0;
			defaultConfigurationName = Release;
		};
/* End XCConfigurationList section */
	};
	rootObject = 89A0DDEF17E0813400980812 /* Project object */;
}
