<?xml version="1.0" encoding="UTF-8"?>
<!DOCTYPE plist PUBLIC "-//Apple//DTD PLIST 1.0//EN" "http://www.apple.com/DTDs/PropertyList-1.0.dtd">
<plist version="1.0">
<dict>
	<key>archiveVersion</key>
	<string>1</string>
	<key>classes</key>
	<dict/>
	<key>objectVersion</key>
	<string>46</string>
	<key>objects</key>
	<dict>
		<key>01E8DB176C4D41209E12FA8C</key>
		<dict>
			<key>explicitFileType</key>
			<string>archive.ar</string>
			<key>includeInIndex</key>
			<string>0</string>
			<key>isa</key>
			<string>PBXFileReference</string>
			<key>path</key>
			<string>libPods.a</string>
			<key>sourceTree</key>
			<string>BUILT_PRODUCTS_DIR</string>
		</dict>
		<key>29DBCA69FCAA4F2EBD262CE3</key>
		<dict>
			<key>fileRef</key>
			<string>01E8DB176C4D41209E12FA8C</string>
			<key>isa</key>
			<string>PBXBuildFile</string>
		</dict>
		<key>43BE688717E1AD6F00D5CD5F</key>
		<dict>
			<key>fileEncoding</key>
			<string>4</string>
			<key>isa</key>
			<string>PBXFileReference</string>
			<key>lastKnownFileType</key>
			<string>sourcecode.c.h</string>
			<key>path</key>
			<string>GapDictionary.h</string>
			<key>sourceTree</key>
			<string>&lt;group&gt;</string>
		</dict>
		<key>43BE688817E1AD7000D5CD5F</key>
		<dict>
			<key>fileEncoding</key>
			<string>4</string>
			<key>isa</key>
			<string>PBXFileReference</string>
			<key>lastKnownFileType</key>
			<string>sourcecode.c.objc</string>
			<key>path</key>
			<string>GapDictionary.m</string>
			<key>sourceTree</key>
			<string>&lt;group&gt;</string>
		</dict>
		<key>43BE688917E1AD7100D5CD5F</key>
		<dict>
			<key>fileRef</key>
			<string>43BE688817E1AD7000D5CD5F</string>
			<key>isa</key>
			<string>PBXBuildFile</string>
		</dict>
		<key>43BE688C17E2943500D5CD5F</key>
		<dict>
			<key>isa</key>
			<string>PBXFileReference</string>
			<key>lastKnownFileType</key>
			<string>image.png</string>
			<key>name</key>
			<string>Default.png</string>
			<key>path</key>
			<string>../Default.png</string>
			<key>sourceTree</key>
			<string>&lt;group&gt;</string>
		</dict>
		<key>43BE688D17E2943500D5CD5F</key>
		<dict>
			<key>fileRef</key>
			<string>43BE688C17E2943500D5CD5F</string>
			<key>isa</key>
			<string>PBXBuildFile</string>
		</dict>
		<key>43BE688E17E2943C00D5CD5F</key>
		<dict>
			<key>isa</key>
			<string>PBXFileReference</string>
			<key>lastKnownFileType</key>
			<string>image.png</string>
			<key>name</key>
			<string>Default@2x.png</string>
			<key>path</key>
			<string>../Default@2x.png</string>
			<key>sourceTree</key>
			<string>&lt;group&gt;</string>
		</dict>
		<key>43BE688F17E2943C00D5CD5F</key>
		<dict>
			<key>fileRef</key>
			<string>43BE688E17E2943C00D5CD5F</string>
			<key>isa</key>
			<string>PBXBuildFile</string>
		</dict>
		<key>476DC443B0144DC4B7807369</key>
		<dict>
			<key>buildActionMask</key>
			<string>2147483647</string>
			<key>files</key>
			<array/>
			<key>inputPaths</key>
			<array/>
			<key>isa</key>
			<string>PBXShellScriptBuildPhase</string>
			<key>name</key>
			<string>Check Pods Manifest.lock</string>
			<key>outputPaths</key>
			<array/>
			<key>runOnlyForDeploymentPostprocessing</key>
			<string>0</string>
			<key>shellPath</key>
			<string>/bin/sh</string>
			<key>shellScript</key>
			<string>diff "${PODS_ROOT}/../Podfile.lock" "${PODS_ROOT}/Manifest.lock" &gt; /dev/null
if [[ $? != 0 ]] ; then
    cat &lt;&lt; EOM
error: The sandbox is not in sync with the Podfile.lock. Run 'pod install' or update your CocoaPods installation.
EOM
    exit 1
fi
</string>
			<key>showEnvVarsInLog</key>
			<string>0</string>
		</dict>
		<key>7EA37BB3F07D4A03936438C1</key>
		<dict>
			<key>buildActionMask</key>
			<string>2147483647</string>
			<key>files</key>
			<array/>
			<key>inputPaths</key>
			<array/>
			<key>isa</key>
			<string>PBXShellScriptBuildPhase</string>
			<key>name</key>
			<string>Copy Pods Resources</string>
			<key>outputPaths</key>
			<array/>
			<key>runOnlyForDeploymentPostprocessing</key>
			<string>0</string>
			<key>shellPath</key>
			<string>/bin/sh</string>
			<key>shellScript</key>
			<string>"${SRCROOT}/Pods/Pods-resources.sh"
</string>
			<key>showEnvVarsInLog</key>
			<string>0</string>
		</dict>
		<key>8932E16017E8AD4C001B1F41</key>
		<dict>
			<key>isa</key>
			<string>PBXFileReference</string>
			<key>lastKnownFileType</key>
			<string>image.jpeg</string>
			<key>path</key>
			<string>baseball003.jpg</string>
			<key>sourceTree</key>
			<string>&lt;group&gt;</string>
		</dict>
		<key>8932E16117E8AD4C001B1F41</key>
		<dict>
			<key>fileRef</key>
			<string>8932E16017E8AD4C001B1F41</string>
			<key>isa</key>
			<string>PBXBuildFile</string>
		</dict>
		<key>8932E16217E8ADD5001B1F41</key>
		<dict>
			<key>isa</key>
			<string>PBXFileReference</string>
			<key>lastKnownFileType</key>
			<string>image.png</string>
			<key>path</key>
			<string>baseball.png</string>
			<key>sourceTree</key>
			<string>&lt;group&gt;</string>
		</dict>
		<key>8932E16317E8ADD5001B1F41</key>
		<dict>
			<key>fileRef</key>
			<string>8932E16217E8ADD5001B1F41</string>
			<key>isa</key>
			<string>PBXBuildFile</string>
		</dict>
		<key>8964DB7517E1EA2900AB8F43</key>
		<dict>
			<key>isa</key>
			<string>PBXFileReference</string>
			<key>lastKnownFileType</key>
			<string>image.png</string>
			<key>path</key>
			<string>segBtnLeft.png</string>
			<key>sourceTree</key>
			<string>&lt;group&gt;</string>
		</dict>
		<key>8964DB7617E1EA2900AB8F43</key>
		<dict>
			<key>isa</key>
			<string>PBXFileReference</string>
			<key>lastKnownFileType</key>
			<string>image.png</string>
			<key>path</key>
			<string>segBtnRight.png</string>
			<key>sourceTree</key>
			<string>&lt;group&gt;</string>
		</dict>
		<key>8964DB7717E1EA2900AB8F43</key>
		<dict>
			<key>fileRef</key>
			<string>8964DB7517E1EA2900AB8F43</string>
			<key>isa</key>
			<string>PBXBuildFile</string>
		</dict>
		<key>8964DB7817E1EA2900AB8F43</key>
		<dict>
			<key>fileRef</key>
			<string>8964DB7617E1EA2900AB8F43</string>
			<key>isa</key>
			<string>PBXBuildFile</string>
		</dict>
		<key>8964DB7917E1EEDE00AB8F43</key>
		<dict>
			<key>children</key>
			<array>
				<string>43BE688717E1AD6F00D5CD5F</string>
				<string>43BE688817E1AD7000D5CD5F</string>
			</array>
			<key>isa</key>
			<string>PBXGroup</string>
			<key>name</key>
			<string>Model</string>
			<key>sourceTree</key>
			<string>&lt;group&gt;</string>
		</dict>
		<key>8964DB7A17E1EF5000AB8F43</key>
		<dict>
			<key>isa</key>
			<string>PBXFileReference</string>
			<key>lastKnownFileType</key>
			<string>image.png</string>
			<key>path</key>
			<string>icon.png</string>
			<key>sourceTree</key>
			<string>&lt;group&gt;</string>
		</dict>
		<key>8964DB7B17E1EF5000AB8F43</key>
		<dict>
			<key>fileRef</key>
			<string>8964DB7A17E1EF5000AB8F43</string>
			<key>isa</key>
			<string>PBXBuildFile</string>
		</dict>
		<key>8964DB7D17E56C8500AB8F43</key>
		<dict>
			<key>children</key>
			<array>
				<string>8964DB7E17E56C8500AB8F43</string>
				<string>8964DB7F17E56C8500AB8F43</string>
				<string>8964DB8017E56C8500AB8F43</string>
				<string>8964DB8117E56C8500AB8F43</string>
				<string>8964DB8217E56C8500AB8F43</string>
				<string>8964DB8317E56C8500AB8F43</string>
			</array>
			<key>isa</key>
			<string>PBXGroup</string>
			<key>path</key>
			<string>TestFlightSDK2.0.0</string>
			<key>sourceTree</key>
			<string>&lt;group&gt;</string>
		</dict>
		<key>8964DB7E17E56C8500AB8F43</key>
		<dict>
			<key>isa</key>
			<string>PBXFileReference</string>
			<key>lastKnownFileType</key>
			<string>archive.ar</string>
			<key>path</key>
			<string>libTestFlight.a</string>
			<key>sourceTree</key>
			<string>&lt;group&gt;</string>
		</dict>
		<key>8964DB7F17E56C8500AB8F43</key>
		<dict>
			<key>fileEncoding</key>
			<string>4</string>
			<key>isa</key>
			<string>PBXFileReference</string>
			<key>lastKnownFileType</key>
			<string>text</string>
			<key>path</key>
			<string>README.md</string>
			<key>sourceTree</key>
			<string>&lt;group&gt;</string>
		</dict>
		<key>8964DB8017E56C8500AB8F43</key>
		<dict>
			<key>fileEncoding</key>
			<string>4</string>
			<key>isa</key>
			<string>PBXFileReference</string>
			<key>lastKnownFileType</key>
			<string>text</string>
			<key>path</key>
			<string>release_notes.md</string>
			<key>sourceTree</key>
			<string>&lt;group&gt;</string>
		</dict>
		<key>8964DB8117E56C8500AB8F43</key>
		<dict>
			<key>fileEncoding</key>
			<string>4</string>
			<key>isa</key>
			<string>PBXFileReference</string>
			<key>lastKnownFileType</key>
			<string>sourcecode.c.h</string>
			<key>path</key>
			<string>TestFlight+AsyncLogging.h</string>
			<key>sourceTree</key>
			<string>&lt;group&gt;</string>
		</dict>
		<key>8964DB8217E56C8500AB8F43</key>
		<dict>
			<key>fileEncoding</key>
			<string>4</string>
			<key>isa</key>
			<string>PBXFileReference</string>
			<key>lastKnownFileType</key>
			<string>sourcecode.c.h</string>
			<key>path</key>
			<string>TestFlight+ManualSessions.h</string>
			<key>sourceTree</key>
			<string>&lt;group&gt;</string>
		</dict>
		<key>8964DB8317E56C8500AB8F43</key>
		<dict>
			<key>fileEncoding</key>
			<string>4</string>
			<key>isa</key>
			<string>PBXFileReference</string>
			<key>lastKnownFileType</key>
			<string>sourcecode.c.h</string>
			<key>path</key>
			<string>TestFlight.h</string>
			<key>sourceTree</key>
			<string>&lt;group&gt;</string>
		</dict>
		<key>8964DB8417E56C8500AB8F43</key>
		<dict>
			<key>fileRef</key>
			<string>8964DB7E17E56C8500AB8F43</string>
			<key>isa</key>
			<string>PBXBuildFile</string>
		</dict>
		<key>8964DB8517E56C8500AB8F43</key>
		<dict>
			<key>fileRef</key>
			<string>8964DB7F17E56C8500AB8F43</string>
			<key>isa</key>
			<string>PBXBuildFile</string>
		</dict>
		<key>8964DB8617E56C8500AB8F43</key>
		<dict>
			<key>fileRef</key>
			<string>8964DB8017E56C8500AB8F43</string>
			<key>isa</key>
			<string>PBXBuildFile</string>
		</dict>
		<key>8964DB8717E575CE00AB8F43</key>
		<dict>
			<key>isa</key>
			<string>PBXFileReference</string>
			<key>lastKnownFileType</key>
			<string>compiled.mach-o.dylib</string>
			<key>name</key>
			<string>libz.dylib</string>
			<key>path</key>
			<string>usr/lib/libz.dylib</string>
			<key>sourceTree</key>
			<string>SDKROOT</string>
		</dict>
		<key>8964DB8817E575CE00AB8F43</key>
		<dict>
			<key>fileRef</key>
			<string>8964DB8717E575CE00AB8F43</string>
			<key>isa</key>
			<string>PBXBuildFile</string>
		</dict>
		<key>8964DB8917E5862400AB8F43</key>
		<dict>
			<key>isa</key>
			<string>PBXFileReference</string>
			<key>lastKnownFileType</key>
			<string>image.png</string>
			<key>path</key>
			<string>Tuto_1.png</string>
			<key>sourceTree</key>
			<string>&lt;group&gt;</string>
		</dict>
		<key>8964DB8A17E5862400AB8F43</key>
		<dict>
			<key>isa</key>
			<string>PBXFileReference</string>
			<key>lastKnownFileType</key>
			<string>image.png</string>
			<key>path</key>
			<string>Tuto_2.png</string>
			<key>sourceTree</key>
			<string>&lt;group&gt;</string>
		</dict>
		<key>8964DB8B17E5862400AB8F43</key>
		<dict>
			<key>isa</key>
			<string>PBXFileReference</string>
			<key>lastKnownFileType</key>
			<string>image.png</string>
			<key>path</key>
			<string>Tuto_3.png</string>
			<key>sourceTree</key>
			<string>&lt;group&gt;</string>
		</dict>
		<key>8964DB8C17E5862400AB8F43</key>
		<dict>
			<key>isa</key>
			<string>PBXFileReference</string>
			<key>lastKnownFileType</key>
			<string>image.png</string>
			<key>path</key>
			<string>Tuto_4.png</string>
			<key>sourceTree</key>
			<string>&lt;group&gt;</string>
		</dict>
		<key>8964DB8D17E5862400AB8F43</key>
		<dict>
			<key>isa</key>
			<string>PBXFileReference</string>
			<key>lastKnownFileType</key>
			<string>image.png</string>
			<key>path</key>
			<string>Tuto_5.png</string>
			<key>sourceTree</key>
			<string>&lt;group&gt;</string>
		</dict>
		<key>8964DB8E17E5862500AB8F43</key>
		<dict>
			<key>fileRef</key>
			<string>8964DB8917E5862400AB8F43</string>
			<key>isa</key>
			<string>PBXBuildFile</string>
		</dict>
		<key>8964DB8F17E5862500AB8F43</key>
		<dict>
			<key>fileRef</key>
			<string>8964DB8A17E5862400AB8F43</string>
			<key>isa</key>
			<string>PBXBuildFile</string>
		</dict>
		<key>8964DB9017E5862500AB8F43</key>
		<dict>
			<key>fileRef</key>
			<string>8964DB8B17E5862400AB8F43</string>
			<key>isa</key>
			<string>PBXBuildFile</string>
		</dict>
		<key>8964DB9117E5862500AB8F43</key>
		<dict>
			<key>fileRef</key>
			<string>8964DB8C17E5862400AB8F43</string>
			<key>isa</key>
			<string>PBXBuildFile</string>
		</dict>
		<key>8964DB9217E5862500AB8F43</key>
		<dict>
			<key>fileRef</key>
			<string>8964DB8D17E5862400AB8F43</string>
			<key>isa</key>
			<string>PBXBuildFile</string>
		</dict>
		<key>89A0DDEE17E0813400980812</key>
		<dict>
			<key>children</key>
			<array>
				<string>8964DB8717E575CE00AB8F43</string>
				<string>89A0DE0017E0813400980812</string>
				<string>89A0DDF917E0813400980812</string>
				<string>89A0DDF817E0813400980812</string>
				<string>D1CE6404868744AFA9509551</string>
			</array>
			<key>isa</key>
			<string>PBXGroup</string>
			<key>sourceTree</key>
			<string>&lt;group&gt;</string>
		</dict>
		<key>89A0DDEF17E0813400980812</key>
		<dict>
			<key>attributes</key>
			<dict>
				<key>CLASSPREFIX</key>
				<string>IS</string>
				<key>LastUpgradeCheck</key>
				<string>0460</string>
				<key>ORGANIZATIONNAME</key>
				<string>IPLAB-Kanno</string>
			</dict>
			<key>buildConfigurationList</key>
			<string>89A0DDF217E0813400980812</string>
			<key>compatibilityVersion</key>
			<string>Xcode 3.2</string>
			<key>developmentRegion</key>
			<string>English</string>
			<key>hasScannedForEncodings</key>
			<string>0</string>
			<key>isa</key>
			<string>PBXProject</string>
			<key>knownRegions</key>
			<array>
				<string>en</string>
			</array>
			<key>mainGroup</key>
			<string>89A0DDEE17E0813400980812</string>
			<key>productRefGroup</key>
			<string>89A0DDF817E0813400980812</string>
			<key>projectDirPath</key>
			<string></string>
			<key>projectReferences</key>
			<array/>
			<key>projectRoot</key>
			<string></string>
			<key>targets</key>
			<array>
				<string>89A0DDF617E0813400980812</string>
			</array>
		</dict>
		<key>89A0DDF217E0813400980812</key>
		<dict>
			<key>buildConfigurations</key>
			<array>
				<string>89A0DE1817E0813400980812</string>
				<string>89A0DE1917E0813400980812</string>
			</array>
			<key>defaultConfigurationIsVisible</key>
			<string>0</string>
			<key>defaultConfigurationName</key>
			<string>Release</string>
			<key>isa</key>
			<string>XCConfigurationList</string>
		</dict>
		<key>89A0DDF317E0813400980812</key>
		<dict>
			<key>buildActionMask</key>
			<string>2147483647</string>
			<key>files</key>
			<array>
				<string>89A0DE0717E0813400980812</string>
				<string>89A0DE0B17E0813400980812</string>
				<string>89A0DE1717E0813400980812</string>
				<string>89A0DE7F17E0839100980812</string>
				<string>89A0DE8017E0839100980812</string>
				<string>89A0DE8117E0839100980812</string>
				<string>89A0DE8217E0839100980812</string>
				<string>89A0DE8417E0839100980812</string>
				<string>89A0DE8517E0839100980812</string>
				<string>89A0DE8617E0839100980812</string>
				<string>89A0DE8717E0839100980812</string>
				<string>89A0DE8817E0839100980812</string>
				<string>89A0DE8B17E0839100980812</string>
				<string>89A0DE8C17E0839100980812</string>
				<string>89A0DECE17E15FE200980812</string>
				<string>43BE688917E1AD7100D5CD5F</string>
				<string>89A0DEDA17E1DC2600980812</string>
			</array>
			<key>isa</key>
			<string>PBXSourcesBuildPhase</string>
			<key>runOnlyForDeploymentPostprocessing</key>
			<string>0</string>
		</dict>
		<key>89A0DDF417E0813400980812</key>
		<dict>
			<key>buildActionMask</key>
			<string>2147483647</string>
			<key>files</key>
			<array>
				<string>8964DB8817E575CE00AB8F43</string>
				<string>89A0DE9617E084C300980812</string>
				<string>89A0DE9417E084BB00980812</string>
				<string>89A0DE9217E084B400980812</string>
				<string>89A0DE9017E084AE00980812</string>
				<string>89A0DE8E17E0849A00980812</string>
				<string>89A0DDFB17E0813400980812</string>
				<string>89A0DDFD17E0813400980812</string>
				<string>89A0DDFF17E0813400980812</string>
				<string>8964DB8417E56C8500AB8F43</string>
				<string>29DBCA69FCAA4F2EBD262CE3</string>
			</array>
			<key>isa</key>
			<string>PBXFrameworksBuildPhase</string>
			<key>runOnlyForDeploymentPostprocessing</key>
			<string>0</string>
		</dict>
		<key>89A0DDF517E0813400980812</key>
		<dict>
			<key>buildActionMask</key>
			<string>2147483647</string>
			<key>files</key>
			<array>
				<string>89A0DE0517E0813400980812</string>
				<string>89A0DE1117E0813400980812</string>
				<string>89A0DE1417E0813400980812</string>
				<string>89A0DE1F17E0835200980812</string>
				<string>89A0DE7D17E0839100980812</string>
				<string>89A0DE7E17E0839100980812</string>
				<string>89A0DE9C17E0859200980812</string>
				<string>89A0DE9D17E0859200980812</string>
				<string>89A0DE9E17E0859200980812</string>
				<string>89A0DE9F17E0859200980812</string>
				<string>89A0DEA017E0859200980812</string>
				<string>89A0DEA817E0DB1800980812</string>
				<string>89A0DEA917E0DB1800980812</string>
				<string>89A0DEAA17E0DB1800980812</string>
				<string>89A0DEAB17E0DB1800980812</string>
				<string>89A0DEBA17E1521F00980812</string>
				<string>89A0DEBB17E1521F00980812</string>
				<string>89A0DEBC17E1521F00980812</string>
				<string>89A0DEBD17E1521F00980812</string>
				<string>89A0DEBE17E1521F00980812</string>
				<string>89A0DEBF17E1521F00980812</string>
				<string>89A0DEC017E1521F00980812</string>
				<string>89A0DEC117E1521F00980812</string>
				<string>89A0DEC217E1521F00980812</string>
				<string>89A0DEC317E1521F00980812</string>
				<string>89A0DEC417E1521F00980812</string>
				<string>89A0DEC517E1521F00980812</string>
				<string>89A0DEC717E15A4A00980812</string>
				<string>89A0DECA17E15F4300980812</string>
				<string>89A0DECB17E15F4300980812</string>
				<string>89A0DED117E1919700980812</string>
				<string>89A0DED317E199A100980812</string>
				<string>89A0DED917E1DC2600980812</string>
				<string>8964DB7717E1EA2900AB8F43</string>
				<string>8964DB7817E1EA2900AB8F43</string>
				<string>43BE688D17E2943500D5CD5F</string>
				<string>43BE688F17E2943C00D5CD5F</string>
				<string>8964DB7B17E1EF5000AB8F43</string>
				<string>8964DB8517E56C8500AB8F43</string>
				<string>8964DB8617E56C8500AB8F43</string>
				<string>8964DB8E17E5862500AB8F43</string>
				<string>8964DB8F17E5862500AB8F43</string>
				<string>8964DB9017E5862500AB8F43</string>
				<string>8964DB9117E5862500AB8F43</string>
				<string>8964DB9217E5862500AB8F43</string>
				<string>8932E16117E8AD4C001B1F41</string>
				<string>8932E16317E8ADD5001B1F41</string>
			</array>
			<key>isa</key>
			<string>PBXResourcesBuildPhase</string>
			<key>runOnlyForDeploymentPostprocessing</key>
			<string>0</string>
		</dict>
		<key>89A0DDF617E0813400980812</key>
		<dict>
			<key>buildConfigurationList</key>
			<string>89A0DE1A17E0813400980812</string>
			<key>buildPhases</key>
			<array>
				<string>476DC443B0144DC4B7807369</string>
				<string>89A0DDF317E0813400980812</string>
				<string>89A0DDF417E0813400980812</string>
				<string>89A0DDF517E0813400980812</string>
				<string>7EA37BB3F07D4A03936438C1</string>
			</array>
			<key>buildRules</key>
			<array/>
			<key>dependencies</key>
			<array/>
			<key>isa</key>
			<string>PBXNativeTarget</string>
			<key>name</key>
			<string>newGummer</string>
			<key>productName</key>
			<string>newGummer</string>
			<key>productReference</key>
			<string>89A0DDF717E0813400980812</string>
			<key>productType</key>
			<string>com.apple.product-type.application</string>
		</dict>
		<key>89A0DDF717E0813400980812</key>
		<dict>
			<key>explicitFileType</key>
			<string>wrapper.application</string>
			<key>includeInIndex</key>
			<string>0</string>
			<key>isa</key>
			<string>PBXFileReference</string>
			<key>path</key>
			<string>newGummer.app</string>
			<key>sourceTree</key>
			<string>BUILT_PRODUCTS_DIR</string>
		</dict>
		<key>89A0DDF817E0813400980812</key>
		<dict>
			<key>children</key>
			<array>
				<string>89A0DDF717E0813400980812</string>
			</array>
			<key>isa</key>
			<string>PBXGroup</string>
			<key>name</key>
			<string>Products</string>
			<key>sourceTree</key>
			<string>&lt;group&gt;</string>
		</dict>
		<key>89A0DDF917E0813400980812</key>
		<dict>
			<key>children</key>
			<array>
				<string>89A0DE9517E084C300980812</string>
				<string>89A0DE9317E084BB00980812</string>
				<string>89A0DE9117E084B400980812</string>
				<string>89A0DE8F17E084AE00980812</string>
				<string>89A0DE8D17E0849A00980812</string>
				<string>89A0DDFA17E0813400980812</string>
				<string>89A0DDFC17E0813400980812</string>
				<string>89A0DDFE17E0813400980812</string>
				<string>01E8DB176C4D41209E12FA8C</string>
			</array>
			<key>isa</key>
			<string>PBXGroup</string>
			<key>name</key>
			<string>Frameworks</string>
			<key>sourceTree</key>
			<string>&lt;group&gt;</string>
		</dict>
		<key>89A0DDFA17E0813400980812</key>
		<dict>
			<key>isa</key>
			<string>PBXFileReference</string>
			<key>lastKnownFileType</key>
			<string>wrapper.framework</string>
			<key>name</key>
			<string>UIKit.framework</string>
			<key>path</key>
			<string>System/Library/Frameworks/UIKit.framework</string>
			<key>sourceTree</key>
			<string>SDKROOT</string>
		</dict>
		<key>89A0DDFB17E0813400980812</key>
		<dict>
			<key>fileRef</key>
			<string>89A0DDFA17E0813400980812</string>
			<key>isa</key>
			<string>PBXBuildFile</string>
		</dict>
		<key>89A0DDFC17E0813400980812</key>
		<dict>
			<key>isa</key>
			<string>PBXFileReference</string>
			<key>lastKnownFileType</key>
			<string>wrapper.framework</string>
			<key>name</key>
			<string>Foundation.framework</string>
			<key>path</key>
			<string>System/Library/Frameworks/Foundation.framework</string>
			<key>sourceTree</key>
			<string>SDKROOT</string>
		</dict>
		<key>89A0DDFD17E0813400980812</key>
		<dict>
			<key>fileRef</key>
			<string>89A0DDFC17E0813400980812</string>
			<key>isa</key>
			<string>PBXBuildFile</string>
		</dict>
		<key>89A0DDFE17E0813400980812</key>
		<dict>
			<key>isa</key>
			<string>PBXFileReference</string>
			<key>lastKnownFileType</key>
			<string>wrapper.framework</string>
			<key>name</key>
			<string>CoreGraphics.framework</string>
			<key>path</key>
			<string>System/Library/Frameworks/CoreGraphics.framework</string>
			<key>sourceTree</key>
			<string>SDKROOT</string>
		</dict>
		<key>89A0DDFF17E0813400980812</key>
		<dict>
			<key>fileRef</key>
			<string>89A0DDFE17E0813400980812</string>
			<key>isa</key>
			<string>PBXBuildFile</string>
		</dict>
		<key>89A0DE0017E0813400980812</key>
		<dict>
			<key>children</key>
			<array>
				<string>89A0DE0917E0813400980812</string>
				<string>89A0DE0A17E0813400980812</string>
				<string>89A0DE1217E0813400980812</string>
				<string>8964DB7917E1EEDE00AB8F43</string>
				<string>89A0DEA217E0924600980812</string>
				<string>89A0DEA317E0925D00980812</string>
				<string>89A0DEA117E0922500980812</string>
				<string>89A0DE0117E0813400980812</string>
			</array>
			<key>isa</key>
			<string>PBXGroup</string>
			<key>path</key>
			<string>newGummer</string>
			<key>sourceTree</key>
			<string>&lt;group&gt;</string>
		</dict>
		<key>89A0DE0117E0813400980812</key>
		<dict>
			<key>children</key>
			<array>
				<string>8964DB7D17E56C8500AB8F43</string>
				<string>89A0DEAD17E151FD00980812</string>
				<string>8964DB7A17E1EF5000AB8F43</string>
				<string>89A0DE1D17E0835200980812</string>
				<string>89A0DE0217E0813400980812</string>
				<string>89A0DE0317E0813400980812</string>
				<string>89A0DE0617E0813400980812</string>
				<string>89A0DE0817E0813400980812</string>
				<string>43BE688E17E2943C00D5CD5F</string>
				<string>43BE688C17E2943500D5CD5F</string>
				<string>89A0DE1017E0813400980812</string>
			</array>
			<key>isa</key>
			<string>PBXGroup</string>
			<key>name</key>
			<string>Supporting Files</string>
			<key>sourceTree</key>
			<string>&lt;group&gt;</string>
		</dict>
		<key>89A0DE0217E0813400980812</key>
		<dict>
			<key>isa</key>
			<string>PBXFileReference</string>
			<key>lastKnownFileType</key>
			<string>text.plist.xml</string>
			<key>path</key>
			<string>newGummer-Info.plist</string>
			<key>sourceTree</key>
			<string>&lt;group&gt;</string>
		</dict>
		<key>89A0DE0317E0813400980812</key>
		<dict>
			<key>children</key>
			<array>
				<string>89A0DE0417E0813400980812</string>
			</array>
			<key>isa</key>
			<string>PBXVariantGroup</string>
			<key>name</key>
			<string>InfoPlist.strings</string>
			<key>sourceTree</key>
			<string>&lt;group&gt;</string>
		</dict>
		<key>89A0DE0417E0813400980812</key>
		<dict>
			<key>isa</key>
			<string>PBXFileReference</string>
			<key>lastKnownFileType</key>
			<string>text.plist.strings</string>
			<key>name</key>
			<string>en</string>
			<key>path</key>
			<string>en.lproj/InfoPlist.strings</string>
			<key>sourceTree</key>
			<string>&lt;group&gt;</string>
		</dict>
		<key>89A0DE0517E0813400980812</key>
		<dict>
			<key>fileRef</key>
			<string>89A0DE0317E0813400980812</string>
			<key>isa</key>
			<string>PBXBuildFile</string>
		</dict>
		<key>89A0DE0617E0813400980812</key>
		<dict>
			<key>isa</key>
			<string>PBXFileReference</string>
			<key>lastKnownFileType</key>
			<string>sourcecode.c.objc</string>
			<key>path</key>
			<string>main.m</string>
			<key>sourceTree</key>
			<string>&lt;group&gt;</string>
		</dict>
		<key>89A0DE0717E0813400980812</key>
		<dict>
			<key>fileRef</key>
			<string>89A0DE0617E0813400980812</string>
			<key>isa</key>
			<string>PBXBuildFile</string>
		</dict>
		<key>89A0DE0817E0813400980812</key>
		<dict>
			<key>isa</key>
			<string>PBXFileReference</string>
			<key>lastKnownFileType</key>
			<string>sourcecode.c.h</string>
			<key>path</key>
			<string>newGummer-Prefix.pch</string>
			<key>sourceTree</key>
			<string>&lt;group&gt;</string>
		</dict>
		<key>89A0DE0917E0813400980812</key>
		<dict>
			<key>isa</key>
			<string>PBXFileReference</string>
			<key>lastKnownFileType</key>
			<string>sourcecode.c.h</string>
			<key>path</key>
			<string>ISAppDelegate.h</string>
			<key>sourceTree</key>
			<string>&lt;group&gt;</string>
		</dict>
		<key>89A0DE0A17E0813400980812</key>
		<dict>
			<key>isa</key>
			<string>PBXFileReference</string>
			<key>lastKnownFileType</key>
			<string>sourcecode.c.objc</string>
			<key>path</key>
			<string>ISAppDelegate.m</string>
			<key>sourceTree</key>
			<string>&lt;group&gt;</string>
		</dict>
		<key>89A0DE0B17E0813400980812</key>
		<dict>
			<key>fileRef</key>
			<string>89A0DE0A17E0813400980812</string>
			<key>isa</key>
			<string>PBXBuildFile</string>
		</dict>
		<key>89A0DE1017E0813400980812</key>
		<dict>
			<key>isa</key>
			<string>PBXFileReference</string>
			<key>lastKnownFileType</key>
			<string>image.png</string>
			<key>path</key>
			<string>Default-568h@2x.png</string>
			<key>sourceTree</key>
			<string>&lt;group&gt;</string>
		</dict>
		<key>89A0DE1117E0813400980812</key>
		<dict>
			<key>fileRef</key>
			<string>89A0DE1017E0813400980812</string>
			<key>isa</key>
			<string>PBXBuildFile</string>
		</dict>
		<key>89A0DE1217E0813400980812</key>
		<dict>
			<key>children</key>
			<array>
				<string>89A0DE1317E0813400980812</string>
			</array>
			<key>isa</key>
			<string>PBXVariantGroup</string>
			<key>name</key>
			<string>MainStoryboard.storyboard</string>
			<key>sourceTree</key>
			<string>&lt;group&gt;</string>
		</dict>
		<key>89A0DE1317E0813400980812</key>
		<dict>
			<key>isa</key>
			<string>PBXFileReference</string>
			<key>lastKnownFileType</key>
			<string>file.storyboard</string>
			<key>name</key>
			<string>en</string>
			<key>path</key>
			<string>en.lproj/MainStoryboard.storyboard</string>
			<key>sourceTree</key>
			<string>&lt;group&gt;</string>
		</dict>
		<key>89A0DE1417E0813400980812</key>
		<dict>
			<key>fileRef</key>
			<string>89A0DE1217E0813400980812</string>
			<key>isa</key>
			<string>PBXBuildFile</string>
		</dict>
		<key>89A0DE1517E0813400980812</key>
		<dict>
			<key>isa</key>
			<string>PBXFileReference</string>
			<key>lastKnownFileType</key>
			<string>sourcecode.c.h</string>
			<key>path</key>
			<string>ISViewController.h</string>
			<key>sourceTree</key>
			<string>&lt;group&gt;</string>
		</dict>
		<key>89A0DE1617E0813400980812</key>
		<dict>
			<key>isa</key>
			<string>PBXFileReference</string>
			<key>lastKnownFileType</key>
			<string>sourcecode.c.objc</string>
			<key>path</key>
			<string>ISViewController.m</string>
			<key>sourceTree</key>
			<string>&lt;group&gt;</string>
		</dict>
		<key>89A0DE1717E0813400980812</key>
		<dict>
			<key>fileRef</key>
			<string>89A0DE1617E0813400980812</string>
			<key>isa</key>
			<string>PBXBuildFile</string>
		</dict>
		<key>89A0DE1817E0813400980812</key>
		<dict>
			<key>buildSettings</key>
			<dict>
				<key>ALWAYS_SEARCH_USER_PATHS</key>
				<string>NO</string>
				<key>CLANG_CXX_LANGUAGE_STANDARD</key>
				<string>gnu++0x</string>
				<key>CLANG_CXX_LIBRARY</key>
				<string>libc++</string>
				<key>CLANG_ENABLE_OBJC_ARC</key>
				<string>YES</string>
				<key>CLANG_WARN_CONSTANT_CONVERSION</key>
				<string>YES</string>
				<key>CLANG_WARN_EMPTY_BODY</key>
				<string>YES</string>
				<key>CLANG_WARN_ENUM_CONVERSION</key>
				<string>YES</string>
				<key>CLANG_WARN_INT_CONVERSION</key>
				<string>YES</string>
				<key>CLANG_WARN__DUPLICATE_METHOD_MATCH</key>
				<string>YES</string>
				<key>CODE_SIGN_IDENTITY[sdk=iphoneos*]</key>
				<string>iPhone Developer</string>
				<key>COPY_PHASE_STRIP</key>
				<string>NO</string>
				<key>GCC_C_LANGUAGE_STANDARD</key>
				<string>gnu99</string>
				<key>GCC_DYNAMIC_NO_PIC</key>
				<string>NO</string>
				<key>GCC_OPTIMIZATION_LEVEL</key>
				<string>0</string>
				<key>GCC_PREPROCESSOR_DEFINITIONS</key>
				<array>
					<string>DEBUG=1</string>
					<string>$(inherited)</string>
				</array>
				<key>GCC_SYMBOLS_PRIVATE_EXTERN</key>
				<string>NO</string>
				<key>GCC_WARN_ABOUT_RETURN_TYPE</key>
				<string>YES</string>
				<key>GCC_WARN_UNINITIALIZED_AUTOS</key>
				<string>YES</string>
				<key>GCC_WARN_UNUSED_VARIABLE</key>
				<string>YES</string>
				<key>IPHONEOS_DEPLOYMENT_TARGET</key>
				<string>6.1</string>
				<key>ONLY_ACTIVE_ARCH</key>
				<string>YES</string>
				<key>SDKROOT</key>
				<string>iphoneos</string>
			</dict>
			<key>isa</key>
			<string>XCBuildConfiguration</string>
			<key>name</key>
			<string>Debug</string>
		</dict>
		<key>89A0DE1917E0813400980812</key>
		<dict>
			<key>buildSettings</key>
			<dict>
				<key>ALWAYS_SEARCH_USER_PATHS</key>
				<string>NO</string>
				<key>CLANG_CXX_LANGUAGE_STANDARD</key>
				<string>gnu++0x</string>
				<key>CLANG_CXX_LIBRARY</key>
				<string>libc++</string>
				<key>CLANG_ENABLE_OBJC_ARC</key>
				<string>YES</string>
				<key>CLANG_WARN_CONSTANT_CONVERSION</key>
				<string>YES</string>
				<key>CLANG_WARN_EMPTY_BODY</key>
				<string>YES</string>
				<key>CLANG_WARN_ENUM_CONVERSION</key>
				<string>YES</string>
				<key>CLANG_WARN_INT_CONVERSION</key>
				<string>YES</string>
				<key>CLANG_WARN__DUPLICATE_METHOD_MATCH</key>
				<string>YES</string>
				<key>CODE_SIGN_IDENTITY[sdk=iphoneos*]</key>
				<string>iPhone Developer</string>
				<key>COPY_PHASE_STRIP</key>
				<string>YES</string>
				<key>GCC_C_LANGUAGE_STANDARD</key>
				<string>gnu99</string>
				<key>GCC_WARN_ABOUT_RETURN_TYPE</key>
				<string>YES</string>
				<key>GCC_WARN_UNINITIALIZED_AUTOS</key>
				<string>YES</string>
				<key>GCC_WARN_UNUSED_VARIABLE</key>
				<string>YES</string>
				<key>IPHONEOS_DEPLOYMENT_TARGET</key>
				<string>6.1</string>
				<key>OTHER_CFLAGS</key>
				<string>-DNS_BLOCK_ASSERTIONS=1</string>
				<key>SDKROOT</key>
				<string>iphoneos</string>
				<key>VALIDATE_PRODUCT</key>
				<string>YES</string>
			</dict>
			<key>isa</key>
			<string>XCBuildConfiguration</string>
			<key>name</key>
			<string>Release</string>
		</dict>
		<key>89A0DE1A17E0813400980812</key>
		<dict>
			<key>buildConfigurations</key>
			<array>
				<string>89A0DE1B17E0813400980812</string>
				<string>89A0DE1C17E0813400980812</string>
			</array>
			<key>defaultConfigurationIsVisible</key>
			<string>0</string>
			<key>defaultConfigurationName</key>
			<string>Release</string>
			<key>isa</key>
			<string>XCConfigurationList</string>
		</dict>
		<key>89A0DE1B17E0813400980812</key>
		<dict>
			<key>baseConfigurationReference</key>
			<string>D1CE6404868744AFA9509551</string>
			<key>buildSettings</key>
			<dict>
				<key>CODE_SIGN_IDENTITY</key>
				<string>iPhone Developer: Jiro Tanaka (A37D7ECK25)</string>
				<key>CODE_SIGN_IDENTITY[sdk=iphoneos*]</key>
				<string>iPhone Developer: Jiro Tanaka (A37D7ECK25)</string>
				<key>GCC_PRECOMPILE_PREFIX_HEADER</key>
				<string>YES</string>
				<key>GCC_PREFIX_HEADER</key>
				<string>newGummer/newGummer-Prefix.pch</string>
				<key>INFOPLIST_FILE</key>
				<string>newGummer/newGummer-Info.plist</string>
				<key>IPHONEOS_DEPLOYMENT_TARGET</key>
				<string>6.0</string>
				<key>LIBRARY_SEARCH_PATHS</key>
				<array>
					<string>$(inherited)</string>
					<string>"$(SRCROOT)/newGummer/TestFlightSDK2.0.0"</string>
				</array>
				<key>PRODUCT_NAME</key>
				<string>$(TARGET_NAME)</string>
				<key>PROVISIONING_PROFILE</key>
				<string>ECC2B616-3962-4DAE-86C0-2D7B10331E08</string>
				<key>PROVISIONING_PROFILE[sdk=iphoneos*]</key>
				<string>ECC2B616-3962-4DAE-86C0-2D7B10331E08</string>
				<key>WRAPPER_EXTENSION</key>
				<string>app</string>
			</dict>
			<key>isa</key>
			<string>XCBuildConfiguration</string>
			<key>name</key>
			<string>Debug</string>
		</dict>
		<key>89A0DE1C17E0813400980812</key>
		<dict>
			<key>baseConfigurationReference</key>
			<string>D1CE6404868744AFA9509551</string>
			<key>buildSettings</key>
			<dict>
				<key>CODE_SIGN_IDENTITY</key>
				<string>iPhone Developer: Jiro Tanaka (A37D7ECK25)</string>
				<key>CODE_SIGN_IDENTITY[sdk=iphoneos*]</key>
				<string>iPhone Developer: Jiro Tanaka (A37D7ECK25)</string>
				<key>GCC_PRECOMPILE_PREFIX_HEADER</key>
				<string>YES</string>
				<key>GCC_PREFIX_HEADER</key>
				<string>newGummer/newGummer-Prefix.pch</string>
				<key>INFOPLIST_FILE</key>
				<string>newGummer/newGummer-Info.plist</string>
				<key>IPHONEOS_DEPLOYMENT_TARGET</key>
				<string>6.0</string>
				<key>LIBRARY_SEARCH_PATHS</key>
				<array>
					<string>$(inherited)</string>
					<string>"$(SRCROOT)/newGummer/TestFlightSDK2.0.0"</string>
				</array>
				<key>PRODUCT_NAME</key>
				<string>$(TARGET_NAME)</string>
				<key>PROVISIONING_PROFILE</key>
				<string>ECC2B616-3962-4DAE-86C0-2D7B10331E08</string>
				<key>PROVISIONING_PROFILE[sdk=iphoneos*]</key>
				<string>ECC2B616-3962-4DAE-86C0-2D7B10331E08</string>
				<key>WRAPPER_EXTENSION</key>
				<string>app</string>
			</dict>
			<key>isa</key>
			<string>XCBuildConfiguration</string>
			<key>name</key>
			<string>Release</string>
		</dict>
		<key>89A0DE1D17E0835200980812</key>
		<dict>
			<key>isa</key>
			<string>PBXFileReference</string>
			<key>lastKnownFileType</key>
			<string>image.png</string>
			<key>path</key>
			<string>ichiro.png</string>
			<key>sourceTree</key>
			<string>&lt;group&gt;</string>
		</dict>
		<key>89A0DE1F17E0835200980812</key>
		<dict>
			<key>fileRef</key>
			<string>89A0DE1D17E0835200980812</string>
			<key>isa</key>
			<string>PBXBuildFile</string>
		</dict>
		<key>89A0DE4717E0839000980812</key>
		<dict>
			<key>fileEncoding</key>
			<string>4</string>
			<key>isa</key>
			<string>PBXFileReference</string>
			<key>lastKnownFileType</key>
			<string>file.xib</string>
			<key>path</key>
			<string>ICETutorialController_iPad.xib</string>
			<key>sourceTree</key>
			<string>&lt;group&gt;</string>
		</dict>
		<key>89A0DE4817E0839000980812</key>
		<dict>
			<key>fileEncoding</key>
			<string>4</string>
			<key>isa</key>
			<string>PBXFileReference</string>
			<key>lastKnownFileType</key>
			<string>file.xib</string>
			<key>path</key>
			<string>ICETutorialController_iPhone.xib</string>
			<key>sourceTree</key>
			<string>&lt;group&gt;</string>
		</dict>
		<key>89A0DE4917E0839000980812</key>
		<dict>
			<key>fileEncoding</key>
			<string>4</string>
			<key>isa</key>
			<string>PBXFileReference</string>
			<key>lastKnownFileType</key>
			<string>sourcecode.c.h</string>
			<key>path</key>
			<string>ICETutorialController.h</string>
			<key>sourceTree</key>
			<string>&lt;group&gt;</string>
		</dict>
		<key>89A0DE4A17E0839000980812</key>
		<dict>
			<key>fileEncoding</key>
			<string>4</string>
			<key>isa</key>
			<string>PBXFileReference</string>
			<key>lastKnownFileType</key>
			<string>sourcecode.c.objc</string>
			<key>path</key>
			<string>ICETutorialController.m</string>
			<key>sourceTree</key>
			<string>&lt;group&gt;</string>
		</dict>
		<key>89A0DE4B17E0839000980812</key>
		<dict>
			<key>fileEncoding</key>
			<string>4</string>
			<key>isa</key>
			<string>PBXFileReference</string>
			<key>lastKnownFileType</key>
			<string>sourcecode.c.h</string>
			<key>path</key>
			<string>ICETutorialPage.h</string>
			<key>sourceTree</key>
			<string>&lt;group&gt;</string>
		</dict>
		<key>89A0DE4C17E0839000980812</key>
		<dict>
			<key>fileEncoding</key>
			<string>4</string>
			<key>isa</key>
			<string>PBXFileReference</string>
			<key>lastKnownFileType</key>
			<string>sourcecode.c.objc</string>
			<key>path</key>
			<string>ICETutorialPage.m</string>
			<key>sourceTree</key>
			<string>&lt;group&gt;</string>
		</dict>
		<key>89A0DE4D17E0839000980812</key>
		<dict>
			<key>fileEncoding</key>
			<string>4</string>
			<key>isa</key>
			<string>PBXFileReference</string>
			<key>lastKnownFileType</key>
			<string>sourcecode.c.h</string>
			<key>path</key>
			<string>ISAVPlayerSecondView.h</string>
			<key>sourceTree</key>
			<string>&lt;group&gt;</string>
		</dict>
		<key>89A0DE4E17E0839000980812</key>
		<dict>
			<key>fileEncoding</key>
			<string>4</string>
			<key>isa</key>
			<string>PBXFileReference</string>
			<key>lastKnownFileType</key>
			<string>sourcecode.c.objc</string>
			<key>path</key>
			<string>ISAVPlayerSecondView.m</string>
			<key>sourceTree</key>
			<string>&lt;group&gt;</string>
		</dict>
		<key>89A0DE4F17E0839000980812</key>
		<dict>
			<key>fileEncoding</key>
			<string>4</string>
			<key>isa</key>
			<string>PBXFileReference</string>
			<key>lastKnownFileType</key>
			<string>sourcecode.c.h</string>
			<key>path</key>
			<string>ISAVPlayerView.h</string>
			<key>sourceTree</key>
			<string>&lt;group&gt;</string>
		</dict>
		<key>89A0DE5017E0839000980812</key>
		<dict>
			<key>fileEncoding</key>
			<string>4</string>
			<key>isa</key>
			<string>PBXFileReference</string>
			<key>lastKnownFileType</key>
			<string>sourcecode.c.objc</string>
			<key>path</key>
			<string>ISAVPlayerView.m</string>
			<key>sourceTree</key>
			<string>&lt;group&gt;</string>
		</dict>
		<key>89A0DE5317E0839000980812</key>
		<dict>
			<key>fileEncoding</key>
			<string>4</string>
			<key>isa</key>
			<string>PBXFileReference</string>
			<key>lastKnownFileType</key>
			<string>sourcecode.c.h</string>
			<key>path</key>
			<string>ISCameraViewController.h</string>
			<key>sourceTree</key>
			<string>&lt;group&gt;</string>
		</dict>
		<key>89A0DE5417E0839000980812</key>
		<dict>
			<key>fileEncoding</key>
			<string>4</string>
			<key>isa</key>
			<string>PBXFileReference</string>
			<key>lastKnownFileType</key>
			<string>sourcecode.c.objc</string>
			<key>path</key>
			<string>ISCameraViewController.m</string>
			<key>sourceTree</key>
			<string>&lt;group&gt;</string>
		</dict>
		<key>89A0DE5517E0839000980812</key>
		<dict>
			<key>fileEncoding</key>
			<string>4</string>
			<key>isa</key>
			<string>PBXFileReference</string>
			<key>lastKnownFileType</key>
			<string>sourcecode.c.h</string>
			<key>path</key>
			<string>ISEditMovieViewController.h</string>
			<key>sourceTree</key>
			<string>&lt;group&gt;</string>
		</dict>
		<key>89A0DE5617E0839000980812</key>
		<dict>
			<key>fileEncoding</key>
			<string>4</string>
			<key>isa</key>
			<string>PBXFileReference</string>
			<key>lastKnownFileType</key>
			<string>sourcecode.c.objc</string>
			<key>path</key>
			<string>ISEditMovieViewController.m</string>
			<key>sourceTree</key>
			<string>&lt;group&gt;</string>
		</dict>
		<key>89A0DE5717E0839000980812</key>
		<dict>
			<key>fileEncoding</key>
			<string>4</string>
			<key>isa</key>
			<string>PBXFileReference</string>
			<key>lastKnownFileType</key>
			<string>sourcecode.c.h</string>
			<key>path</key>
			<string>ISFullPlayViewController.h</string>
			<key>sourceTree</key>
			<string>&lt;group&gt;</string>
		</dict>
		<key>89A0DE5817E0839000980812</key>
		<dict>
			<key>fileEncoding</key>
			<string>4</string>
			<key>isa</key>
			<string>PBXFileReference</string>
			<key>lastKnownFileType</key>
			<string>sourcecode.c.objc</string>
			<key>path</key>
			<string>ISFullPlayViewController.m</string>
			<key>sourceTree</key>
			<string>&lt;group&gt;</string>
		</dict>
		<key>89A0DE5917E0839000980812</key>
		<dict>
			<key>fileEncoding</key>
			<string>4</string>
			<key>isa</key>
			<string>PBXFileReference</string>
			<key>lastKnownFileType</key>
			<string>sourcecode.c.h</string>
			<key>path</key>
			<string>ISMovieCollectionViewCell.h</string>
			<key>sourceTree</key>
			<string>&lt;group&gt;</string>
		</dict>
		<key>89A0DE5A17E0839000980812</key>
		<dict>
			<key>fileEncoding</key>
			<string>4</string>
			<key>isa</key>
			<string>PBXFileReference</string>
			<key>lastKnownFileType</key>
			<string>sourcecode.c.objc</string>
			<key>path</key>
			<string>ISMovieCollectionViewCell.m</string>
			<key>sourceTree</key>
			<string>&lt;group&gt;</string>
		</dict>
		<key>89A0DE5B17E0839100980812</key>
		<dict>
			<key>fileEncoding</key>
			<string>4</string>
			<key>isa</key>
			<string>PBXFileReference</string>
			<key>lastKnownFileType</key>
			<string>sourcecode.c.h</string>
			<key>path</key>
			<string>ISMovieCollectionViewController.h</string>
			<key>sourceTree</key>
			<string>&lt;group&gt;</string>
		</dict>
		<key>89A0DE5C17E0839100980812</key>
		<dict>
			<key>fileEncoding</key>
			<string>4</string>
			<key>isa</key>
			<string>PBXFileReference</string>
			<key>lastKnownFileType</key>
			<string>sourcecode.c.objc</string>
			<key>path</key>
			<string>ISMovieCollectionViewController.m</string>
			<key>sourceTree</key>
			<string>&lt;group&gt;</string>
		</dict>
		<key>89A0DE6117E0839100980812</key>
		<dict>
			<key>fileEncoding</key>
			<string>4</string>
			<key>isa</key>
			<string>PBXFileReference</string>
			<key>lastKnownFileType</key>
			<string>sourcecode.c.h</string>
			<key>path</key>
			<string>ISReplayCollectionViewCell.h</string>
			<key>sourceTree</key>
			<string>&lt;group&gt;</string>
		</dict>
		<key>89A0DE6217E0839100980812</key>
		<dict>
			<key>fileEncoding</key>
			<string>4</string>
			<key>isa</key>
			<string>PBXFileReference</string>
			<key>lastKnownFileType</key>
			<string>sourcecode.c.objc</string>
			<key>path</key>
			<string>ISReplayCollectionViewCell.m</string>
			<key>sourceTree</key>
			<string>&lt;group&gt;</string>
		</dict>
		<key>89A0DE6317E0839100980812</key>
		<dict>
			<key>fileEncoding</key>
			<string>4</string>
			<key>isa</key>
			<string>PBXFileReference</string>
			<key>lastKnownFileType</key>
			<string>sourcecode.c.h</string>
			<key>path</key>
			<string>ISReplayCollectionViewController.h</string>
			<key>sourceTree</key>
			<string>&lt;group&gt;</string>
		</dict>
		<key>89A0DE6417E0839100980812</key>
		<dict>
			<key>fileEncoding</key>
			<string>4</string>
			<key>isa</key>
			<string>PBXFileReference</string>
			<key>lastKnownFileType</key>
			<string>sourcecode.c.objc</string>
			<key>path</key>
			<string>ISReplayCollectionViewController.m</string>
			<key>sourceTree</key>
			<string>&lt;group&gt;</string>
		</dict>
		<key>89A0DE7D17E0839100980812</key>
		<dict>
			<key>fileRef</key>
			<string>89A0DE4717E0839000980812</string>
			<key>isa</key>
			<string>PBXBuildFile</string>
		</dict>
		<key>89A0DE7E17E0839100980812</key>
		<dict>
			<key>fileRef</key>
			<string>89A0DE4817E0839000980812</string>
			<key>isa</key>
			<string>PBXBuildFile</string>
		</dict>
		<key>89A0DE7F17E0839100980812</key>
		<dict>
			<key>fileRef</key>
			<string>89A0DE4A17E0839000980812</string>
			<key>isa</key>
			<string>PBXBuildFile</string>
		</dict>
		<key>89A0DE8017E0839100980812</key>
		<dict>
			<key>fileRef</key>
			<string>89A0DE4C17E0839000980812</string>
			<key>isa</key>
			<string>PBXBuildFile</string>
		</dict>
		<key>89A0DE8117E0839100980812</key>
		<dict>
			<key>fileRef</key>
			<string>89A0DE4E17E0839000980812</string>
			<key>isa</key>
			<string>PBXBuildFile</string>
		</dict>
		<key>89A0DE8217E0839100980812</key>
		<dict>
			<key>fileRef</key>
			<string>89A0DE5017E0839000980812</string>
			<key>isa</key>
			<string>PBXBuildFile</string>
		</dict>
		<key>89A0DE8417E0839100980812</key>
		<dict>
			<key>fileRef</key>
			<string>89A0DE5417E0839000980812</string>
			<key>isa</key>
			<string>PBXBuildFile</string>
		</dict>
		<key>89A0DE8517E0839100980812</key>
		<dict>
			<key>fileRef</key>
			<string>89A0DE5617E0839000980812</string>
			<key>isa</key>
			<string>PBXBuildFile</string>
		</dict>
		<key>89A0DE8617E0839100980812</key>
		<dict>
			<key>fileRef</key>
			<string>89A0DE5817E0839000980812</string>
			<key>isa</key>
			<string>PBXBuildFile</string>
		</dict>
		<key>89A0DE8717E0839100980812</key>
		<dict>
			<key>fileRef</key>
			<string>89A0DE5A17E0839000980812</string>
			<key>isa</key>
			<string>PBXBuildFile</string>
		</dict>
		<key>89A0DE8817E0839100980812</key>
		<dict>
			<key>fileRef</key>
			<string>89A0DE5C17E0839100980812</string>
			<key>isa</key>
			<string>PBXBuildFile</string>
		</dict>
		<key>89A0DE8B17E0839100980812</key>
		<dict>
			<key>fileRef</key>
			<string>89A0DE6217E0839100980812</string>
			<key>isa</key>
			<string>PBXBuildFile</string>
		</dict>
		<key>89A0DE8C17E0839100980812</key>
		<dict>
			<key>fileRef</key>
			<string>89A0DE6417E0839100980812</string>
			<key>isa</key>
			<string>PBXBuildFile</string>
		</dict>
		<key>89A0DE8D17E0849A00980812</key>
		<dict>
			<key>isa</key>
			<string>PBXFileReference</string>
			<key>lastKnownFileType</key>
			<string>wrapper.framework</string>
			<key>name</key>
			<string>AVFoundation.framework</string>
			<key>path</key>
			<string>System/Library/Frameworks/AVFoundation.framework</string>
			<key>sourceTree</key>
			<string>SDKROOT</string>
		</dict>
		<key>89A0DE8E17E0849A00980812</key>
		<dict>
			<key>fileRef</key>
			<string>89A0DE8D17E0849A00980812</string>
			<key>isa</key>
			<string>PBXBuildFile</string>
		</dict>
		<key>89A0DE8F17E084AE00980812</key>
		<dict>
			<key>isa</key>
			<string>PBXFileReference</string>
			<key>lastKnownFileType</key>
			<string>wrapper.framework</string>
			<key>name</key>
			<string>MediaPlayer.framework</string>
			<key>path</key>
			<string>System/Library/Frameworks/MediaPlayer.framework</string>
			<key>sourceTree</key>
			<string>SDKROOT</string>
		</dict>
		<key>89A0DE9017E084AE00980812</key>
		<dict>
			<key>fileRef</key>
			<string>89A0DE8F17E084AE00980812</string>
			<key>isa</key>
			<string>PBXBuildFile</string>
		</dict>
		<key>89A0DE9117E084B400980812</key>
		<dict>
			<key>isa</key>
			<string>PBXFileReference</string>
			<key>lastKnownFileType</key>
			<string>wrapper.framework</string>
			<key>name</key>
			<string>AssetsLibrary.framework</string>
			<key>path</key>
			<string>System/Library/Frameworks/AssetsLibrary.framework</string>
			<key>sourceTree</key>
			<string>SDKROOT</string>
		</dict>
		<key>89A0DE9217E084B400980812</key>
		<dict>
			<key>fileRef</key>
			<string>89A0DE9117E084B400980812</string>
			<key>isa</key>
			<string>PBXBuildFile</string>
		</dict>
		<key>89A0DE9317E084BB00980812</key>
		<dict>
			<key>isa</key>
			<string>PBXFileReference</string>
			<key>lastKnownFileType</key>
			<string>wrapper.framework</string>
			<key>name</key>
			<string>CoreMedia.framework</string>
			<key>path</key>
			<string>System/Library/Frameworks/CoreMedia.framework</string>
			<key>sourceTree</key>
			<string>SDKROOT</string>
		</dict>
		<key>89A0DE9417E084BB00980812</key>
		<dict>
			<key>fileRef</key>
			<string>89A0DE9317E084BB00980812</string>
			<key>isa</key>
			<string>PBXBuildFile</string>
		</dict>
		<key>89A0DE9517E084C300980812</key>
		<dict>
			<key>isa</key>
			<string>PBXFileReference</string>
			<key>lastKnownFileType</key>
			<string>wrapper.framework</string>
			<key>name</key>
			<string>CoreVideo.framework</string>
			<key>path</key>
			<string>System/Library/Frameworks/CoreVideo.framework</string>
			<key>sourceTree</key>
			<string>SDKROOT</string>
		</dict>
		<key>89A0DE9617E084C300980812</key>
		<dict>
			<key>fileRef</key>
			<string>89A0DE9517E084C300980812</string>
			<key>isa</key>
			<string>PBXBuildFile</string>
		</dict>
		<key>89A0DE9717E0859100980812</key>
		<dict>
			<key>isa</key>
			<string>PBXFileReference</string>
			<key>lastKnownFileType</key>
			<string>image.jpeg</string>
			<key>path</key>
			<string>tutorial_background_00@2x.jpg</string>
			<key>sourceTree</key>
			<string>&lt;group&gt;</string>
		</dict>
		<key>89A0DE9817E0859100980812</key>
		<dict>
			<key>isa</key>
			<string>PBXFileReference</string>
			<key>lastKnownFileType</key>
			<string>image.jpeg</string>
			<key>path</key>
			<string>tutorial_background_01@2x.jpg</string>
			<key>sourceTree</key>
			<string>&lt;group&gt;</string>
		</dict>
		<key>89A0DE9917E0859200980812</key>
		<dict>
			<key>isa</key>
			<string>PBXFileReference</string>
			<key>lastKnownFileType</key>
			<string>image.jpeg</string>
			<key>path</key>
			<string>tutorial_background_02@2x.jpg</string>
			<key>sourceTree</key>
			<string>&lt;group&gt;</string>
		</dict>
		<key>89A0DE9A17E0859200980812</key>
		<dict>
			<key>isa</key>
			<string>PBXFileReference</string>
			<key>lastKnownFileType</key>
			<string>image.jpeg</string>
			<key>path</key>
			<string>tutorial_background_03@2x.jpg</string>
			<key>sourceTree</key>
			<string>&lt;group&gt;</string>
		</dict>
		<key>89A0DE9B17E0859200980812</key>
		<dict>
			<key>isa</key>
			<string>PBXFileReference</string>
			<key>lastKnownFileType</key>
			<string>image.jpeg</string>
			<key>path</key>
			<string>tutorial_background_04@2x.jpg</string>
			<key>sourceTree</key>
			<string>&lt;group&gt;</string>
		</dict>
		<key>89A0DE9C17E0859200980812</key>
		<dict>
			<key>fileRef</key>
			<string>89A0DE9717E0859100980812</string>
			<key>isa</key>
			<string>PBXBuildFile</string>
		</dict>
		<key>89A0DE9D17E0859200980812</key>
		<dict>
			<key>fileRef</key>
			<string>89A0DE9817E0859100980812</string>
			<key>isa</key>
			<string>PBXBuildFile</string>
		</dict>
		<key>89A0DE9E17E0859200980812</key>
		<dict>
			<key>fileRef</key>
			<string>89A0DE9917E0859200980812</string>
			<key>isa</key>
			<string>PBXBuildFile</string>
		</dict>
		<key>89A0DE9F17E0859200980812</key>
		<dict>
			<key>fileRef</key>
			<string>89A0DE9A17E0859200980812</string>
			<key>isa</key>
			<string>PBXBuildFile</string>
		</dict>
		<key>89A0DEA017E0859200980812</key>
		<dict>
			<key>fileRef</key>
			<string>89A0DE9B17E0859200980812</string>
			<key>isa</key>
			<string>PBXBuildFile</string>
		</dict>
		<key>89A0DEA117E0922500980812</key>
		<dict>
			<key>children</key>
			<array>
				<string>89A0DED517E1DC2600980812</string>
				<string>89A0DED417E1DBF500980812</string>
			</array>
			<key>isa</key>
			<string>PBXGroup</string>
			<key>name</key>
			<string>Library</string>
			<key>sourceTree</key>
			<string>&lt;group&gt;</string>
		</dict>
		<key>89A0DEA217E0924600980812</key>
		<dict>
			<key>children</key>
			<array>
				<string>89A0DE4D17E0839000980812</string>
				<string>89A0DE4E17E0839000980812</string>
				<string>89A0DE4F17E0839000980812</string>
				<string>89A0DE5017E0839000980812</string>
				<string>89A0DE5917E0839000980812</string>
				<string>89A0DE5A17E0839000980812</string>
				<string>89A0DE6117E0839100980812</string>
				<string>89A0DE6217E0839100980812</string>
			</array>
			<key>isa</key>
			<string>PBXGroup</string>
			<key>name</key>
			<string>View</string>
			<key>sourceTree</key>
			<string>&lt;group&gt;</string>
		</dict>
		<key>89A0DEA317E0925D00980812</key>
		<dict>
			<key>children</key>
			<array>
				<string>89A0DE1517E0813400980812</string>
				<string>89A0DE1617E0813400980812</string>
				<string>89A0DE5317E0839000980812</string>
				<string>89A0DE5417E0839000980812</string>
				<string>89A0DE5717E0839000980812</string>
				<string>89A0DE5817E0839000980812</string>
				<string>89A0DE5B17E0839100980812</string>
				<string>89A0DE5C17E0839100980812</string>
				<string>89A0DE6317E0839100980812</string>
				<string>89A0DE6417E0839100980812</string>
				<string>89A0DE5517E0839000980812</string>
				<string>89A0DE5617E0839000980812</string>
				<string>89A0DECC17E15FE100980812</string>
				<string>89A0DECD17E15FE100980812</string>
			</array>
			<key>isa</key>
			<string>PBXGroup</string>
			<key>name</key>
			<string>Controller</string>
			<key>sourceTree</key>
			<string>&lt;group&gt;</string>
		</dict>
		<key>89A0DEA417E0DB1700980812</key>
		<dict>
			<key>isa</key>
			<string>PBXFileReference</string>
			<key>lastKnownFileType</key>
			<string>image.png</string>
			<key>path</key>
			<string>greenbutton_off.png</string>
			<key>sourceTree</key>
			<string>&lt;group&gt;</string>
		</dict>
		<key>89A0DEA517E0DB1800980812</key>
		<dict>
			<key>isa</key>
			<string>PBXFileReference</string>
			<key>lastKnownFileType</key>
			<string>image.png</string>
			<key>path</key>
			<string>greenbutton_off@2x.png</string>
			<key>sourceTree</key>
			<string>&lt;group&gt;</string>
		</dict>
		<key>89A0DEA617E0DB1800980812</key>
		<dict>
			<key>isa</key>
			<string>PBXFileReference</string>
			<key>lastKnownFileType</key>
			<string>image.png</string>
			<key>path</key>
			<string>greenbutton_on.png</string>
			<key>sourceTree</key>
			<string>&lt;group&gt;</string>
		</dict>
		<key>89A0DEA717E0DB1800980812</key>
		<dict>
			<key>isa</key>
			<string>PBXFileReference</string>
			<key>lastKnownFileType</key>
			<string>image.png</string>
			<key>path</key>
			<string>greenbutton_on@2x.png</string>
			<key>sourceTree</key>
			<string>&lt;group&gt;</string>
		</dict>
		<key>89A0DEA817E0DB1800980812</key>
		<dict>
			<key>fileRef</key>
			<string>89A0DEA417E0DB1700980812</string>
			<key>isa</key>
			<string>PBXBuildFile</string>
		</dict>
		<key>89A0DEA917E0DB1800980812</key>
		<dict>
			<key>fileRef</key>
			<string>89A0DEA517E0DB1800980812</string>
			<key>isa</key>
			<string>PBXBuildFile</string>
		</dict>
		<key>89A0DEAA17E0DB1800980812</key>
		<dict>
			<key>fileRef</key>
			<string>89A0DEA617E0DB1800980812</string>
			<key>isa</key>
			<string>PBXBuildFile</string>
		</dict>
		<key>89A0DEAB17E0DB1800980812</key>
		<dict>
			<key>fileRef</key>
			<string>89A0DEA717E0DB1800980812</string>
			<key>isa</key>
			<string>PBXBuildFile</string>
		</dict>
		<key>89A0DEAD17E151FD00980812</key>
		<dict>
			<key>children</key>
			<array>
				<string>8932E16217E8ADD5001B1F41</string>
				<string>8932E16017E8AD4C001B1F41</string>
				<string>8964DB7517E1EA2900AB8F43</string>
				<string>8964DB7617E1EA2900AB8F43</string>
				<string>89A0DED217E199A000980812</string>
				<string>89A0DED017E1919500980812</string>
				<string>89A0DEC817E15F4000980812</string>
				<string>89A0DEC917E15F4100980812</string>
				<string>89A0DEC617E15A4A00980812</string>
				<string>89A0DEAE17E1521F00980812</string>
				<string>89A0DEAF17E1521F00980812</string>
				<string>89A0DEB017E1521F00980812</string>
				<string>89A0DEB117E1521F00980812</string>
				<string>89A0DEB217E1521F00980812</string>
				<string>89A0DEB317E1521F00980812</string>
				<string>89A0DEB417E1521F00980812</string>
				<string>89A0DEB517E1521F00980812</string>
				<string>89A0DEB617E1521F00980812</string>
				<string>89A0DEB717E1521F00980812</string>
				<string>89A0DEB817E1521F00980812</string>
				<string>89A0DEB917E1521F00980812</string>
				<string>89A0DEA417E0DB1700980812</string>
				<string>89A0DEA517E0DB1800980812</string>
				<string>89A0DEA617E0DB1800980812</string>
				<string>89A0DEA717E0DB1800980812</string>
			</array>
			<key>isa</key>
			<string>PBXGroup</string>
			<key>name</key>
			<string>image</string>
			<key>sourceTree</key>
			<string>&lt;group&gt;</string>
		</dict>
		<key>89A0DEAE17E1521F00980812</key>
		<dict>
			<key>isa</key>
			<string>PBXFileReference</string>
			<key>lastKnownFileType</key>
			<string>image.png</string>
			<key>path</key>
			<string>bg_white.png</string>
			<key>sourceTree</key>
			<string>&lt;group&gt;</string>
		</dict>
		<key>89A0DEAF17E1521F00980812</key>
		<dict>
			<key>isa</key>
			<string>PBXFileReference</string>
			<key>lastKnownFileType</key>
			<string>image.png</string>
			<key>path</key>
			<string>bg_white@2x.png</string>
			<key>sourceTree</key>
			<string>&lt;group&gt;</string>
		</dict>
		<key>89A0DEB017E1521F00980812</key>
		<dict>
			<key>isa</key>
			<string>PBXFileReference</string>
			<key>lastKnownFileType</key>
			<string>image.png</string>
			<key>path</key>
			<string>btn_back.png</string>
			<key>sourceTree</key>
			<string>&lt;group&gt;</string>
		</dict>
		<key>89A0DEB117E1521F00980812</key>
		<dict>
			<key>isa</key>
			<string>PBXFileReference</string>
			<key>lastKnownFileType</key>
			<string>image.png</string>
			<key>path</key>
			<string>btn_back@2x.png</string>
			<key>sourceTree</key>
			<string>&lt;group&gt;</string>
		</dict>
		<key>89A0DEB217E1521F00980812</key>
		<dict>
			<key>isa</key>
			<string>PBXFileReference</string>
			<key>lastKnownFileType</key>
			<string>image.png</string>
			<key>path</key>
			<string>btn.png</string>
			<key>sourceTree</key>
			<string>&lt;group&gt;</string>
		</dict>
		<key>89A0DEB317E1521F00980812</key>
		<dict>
			<key>isa</key>
			<string>PBXFileReference</string>
			<key>lastKnownFileType</key>
			<string>image.png</string>
			<key>path</key>
			<string>btn@2x.png</string>
			<key>sourceTree</key>
			<string>&lt;group&gt;</string>
		</dict>
		<key>89A0DEB417E1521F00980812</key>
		<dict>
			<key>isa</key>
			<string>PBXFileReference</string>
			<key>lastKnownFileType</key>
			<string>image.png</string>
			<key>path</key>
			<string>info_64.png</string>
			<key>sourceTree</key>
			<string>&lt;group&gt;</string>
		</dict>
		<key>89A0DEB517E1521F00980812</key>
		<dict>
			<key>isa</key>
			<string>PBXFileReference</string>
			<key>lastKnownFileType</key>
			<string>image.png</string>
			<key>path</key>
			<string>nav_top.png</string>
			<key>sourceTree</key>
			<string>&lt;group&gt;</string>
		</dict>
		<key>89A0DEB617E1521F00980812</key>
		<dict>
			<key>isa</key>
			<string>PBXFileReference</string>
			<key>lastKnownFileType</key>
			<string>image.png</string>
			<key>path</key>
			<string>nav_top@2x.png</string>
			<key>sourceTree</key>
			<string>&lt;group&gt;</string>
		</dict>
		<key>89A0DEB717E1521F00980812</key>
		<dict>
			<key>isa</key>
			<string>PBXFileReference</string>
			<key>lastKnownFileType</key>
			<string>image.png</string>
			<key>path</key>
			<string>video_pause_48.png</string>
			<key>sourceTree</key>
			<string>&lt;group&gt;</string>
		</dict>
		<key>89A0DEB817E1521F00980812</key>
		<dict>
			<key>isa</key>
			<string>PBXFileReference</string>
			<key>lastKnownFileType</key>
			<string>image.png</string>
			<key>path</key>
			<string>video_previous_48.png</string>
			<key>sourceTree</key>
			<string>&lt;group&gt;</string>
		</dict>
		<key>89A0DEB917E1521F00980812</key>
		<dict>
			<key>isa</key>
			<string>PBXFileReference</string>
			<key>lastKnownFileType</key>
			<string>image.png</string>
			<key>path</key>
			<string>video_rec_64.png</string>
			<key>sourceTree</key>
			<string>&lt;group&gt;</string>
		</dict>
		<key>89A0DEBA17E1521F00980812</key>
		<dict>
			<key>fileRef</key>
			<string>89A0DEAE17E1521F00980812</string>
			<key>isa</key>
			<string>PBXBuildFile</string>
		</dict>
		<key>89A0DEBB17E1521F00980812</key>
		<dict>
			<key>fileRef</key>
			<string>89A0DEAF17E1521F00980812</string>
			<key>isa</key>
			<string>PBXBuildFile</string>
		</dict>
		<key>89A0DEBC17E1521F00980812</key>
		<dict>
			<key>fileRef</key>
			<string>89A0DEB017E1521F00980812</string>
			<key>isa</key>
			<string>PBXBuildFile</string>
		</dict>
		<key>89A0DEBD17E1521F00980812</key>
		<dict>
			<key>fileRef</key>
			<string>89A0DEB117E1521F00980812</string>
			<key>isa</key>
			<string>PBXBuildFile</string>
		</dict>
		<key>89A0DEBE17E1521F00980812</key>
		<dict>
			<key>fileRef</key>
			<string>89A0DEB217E1521F00980812</string>
			<key>isa</key>
			<string>PBXBuildFile</string>
		</dict>
		<key>89A0DEBF17E1521F00980812</key>
		<dict>
			<key>fileRef</key>
			<string>89A0DEB317E1521F00980812</string>
			<key>isa</key>
			<string>PBXBuildFile</string>
		</dict>
		<key>89A0DEC017E1521F00980812</key>
		<dict>
			<key>fileRef</key>
			<string>89A0DEB417E1521F00980812</string>
			<key>isa</key>
			<string>PBXBuildFile</string>
		</dict>
		<key>89A0DEC117E1521F00980812</key>
		<dict>
			<key>fileRef</key>
			<string>89A0DEB517E1521F00980812</string>
			<key>isa</key>
			<string>PBXBuildFile</string>
		</dict>
		<key>89A0DEC217E1521F00980812</key>
		<dict>
			<key>fileRef</key>
			<string>89A0DEB617E1521F00980812</string>
			<key>isa</key>
			<string>PBXBuildFile</string>
		</dict>
		<key>89A0DEC317E1521F00980812</key>
		<dict>
			<key>fileRef</key>
			<string>89A0DEB717E1521F00980812</string>
			<key>isa</key>
			<string>PBXBuildFile</string>
		</dict>
		<key>89A0DEC417E1521F00980812</key>
		<dict>
			<key>fileRef</key>
			<string>89A0DEB817E1521F00980812</string>
			<key>isa</key>
			<string>PBXBuildFile</string>
		</dict>
		<key>89A0DEC517E1521F00980812</key>
		<dict>
			<key>fileRef</key>
			<string>89A0DEB917E1521F00980812</string>
			<key>isa</key>
			<string>PBXBuildFile</string>
		</dict>
		<key>89A0DEC617E15A4A00980812</key>
		<dict>
			<key>isa</key>
			<string>PBXFileReference</string>
			<key>lastKnownFileType</key>
			<string>image.png</string>
			<key>path</key>
			<string>video_next_48.png</string>
			<key>sourceTree</key>
			<string>&lt;group&gt;</string>
		</dict>
		<key>89A0DEC717E15A4A00980812</key>
		<dict>
			<key>fileRef</key>
			<string>89A0DEC617E15A4A00980812</string>
			<key>isa</key>
			<string>PBXBuildFile</string>
		</dict>
		<key>89A0DEC817E15F4000980812</key>
		<dict>
			<key>isa</key>
			<string>PBXFileReference</string>
			<key>lastKnownFileType</key>
			<string>image.png</string>
			<key>path</key>
			<string>help_64.png</string>
			<key>sourceTree</key>
			<string>&lt;group&gt;</string>
		</dict>
		<key>89A0DEC917E15F4100980812</key>
		<dict>
			<key>isa</key>
			<string>PBXFileReference</string>
			<key>lastKnownFileType</key>
			<string>image.png</string>
			<key>path</key>
			<string>video_play_64.png</string>
			<key>sourceTree</key>
			<string>&lt;group&gt;</string>
		</dict>
		<key>89A0DECA17E15F4300980812</key>
		<dict>
			<key>fileRef</key>
			<string>89A0DEC817E15F4000980812</string>
			<key>isa</key>
			<string>PBXBuildFile</string>
		</dict>
		<key>89A0DECB17E15F4300980812</key>
		<dict>
			<key>fileRef</key>
			<string>89A0DEC917E15F4100980812</string>
			<key>isa</key>
			<string>PBXBuildFile</string>
		</dict>
		<key>89A0DECC17E15FE100980812</key>
		<dict>
			<key>fileEncoding</key>
			<string>4</string>
			<key>isa</key>
			<string>PBXFileReference</string>
			<key>lastKnownFileType</key>
			<string>sourcecode.c.h</string>
			<key>path</key>
			<string>ISCheckMotionViewController.h</string>
			<key>sourceTree</key>
			<string>&lt;group&gt;</string>
		</dict>
		<key>89A0DECD17E15FE100980812</key>
		<dict>
			<key>fileEncoding</key>
			<string>4</string>
			<key>isa</key>
			<string>PBXFileReference</string>
			<key>lastKnownFileType</key>
			<string>sourcecode.c.objc</string>
			<key>path</key>
			<string>ISCheckMotionViewController.m</string>
			<key>sourceTree</key>
			<string>&lt;group&gt;</string>
		</dict>
		<key>89A0DECE17E15FE200980812</key>
		<dict>
			<key>fileRef</key>
			<string>89A0DECD17E15FE100980812</string>
			<key>isa</key>
			<string>PBXBuildFile</string>
		</dict>
		<key>89A0DED017E1919500980812</key>
		<dict>
			<key>isa</key>
			<string>PBXFileReference</string>
			<key>lastKnownFileType</key>
			<string>image.png</string>
			<key>path</key>
			<string>button.png</string>
			<key>sourceTree</key>
			<string>&lt;group&gt;</string>
		</dict>
		<key>89A0DED117E1919700980812</key>
		<dict>
			<key>fileRef</key>
			<string>89A0DED017E1919500980812</string>
			<key>isa</key>
			<string>PBXBuildFile</string>
		</dict>
		<key>89A0DED217E199A000980812</key>
		<dict>
			<key>isa</key>
			<string>PBXFileReference</string>
			<key>lastKnownFileType</key>
			<string>image.png</string>
			<key>path</key>
			<string>button2.png</string>
			<key>sourceTree</key>
			<string>&lt;group&gt;</string>
		</dict>
		<key>89A0DED317E199A100980812</key>
		<dict>
			<key>fileRef</key>
			<string>89A0DED217E199A000980812</string>
			<key>isa</key>
			<string>PBXBuildFile</string>
		</dict>
		<key>89A0DED417E1DBF500980812</key>
		<dict>
			<key>children</key>
			<array>
				<string>8964DB8917E5862400AB8F43</string>
				<string>8964DB8A17E5862400AB8F43</string>
				<string>8964DB8B17E5862400AB8F43</string>
				<string>8964DB8C17E5862400AB8F43</string>
				<string>8964DB8D17E5862400AB8F43</string>
				<string>89A0DE9717E0859100980812</string>
				<string>89A0DE9817E0859100980812</string>
				<string>89A0DE9917E0859200980812</string>
				<string>89A0DE9A17E0859200980812</string>
				<string>89A0DE9B17E0859200980812</string>
				<string>89A0DE4717E0839000980812</string>
				<string>89A0DE4817E0839000980812</string>
				<string>89A0DE4917E0839000980812</string>
				<string>89A0DE4A17E0839000980812</string>
				<string>89A0DE4B17E0839000980812</string>
				<string>89A0DE4C17E0839000980812</string>
			</array>
			<key>isa</key>
			<string>PBXGroup</string>
			<key>name</key>
			<string>ICETutorial</string>
			<key>sourceTree</key>
			<string>&lt;group&gt;</string>
		</dict>
		<key>89A0DED517E1DC2600980812</key>
		<dict>
			<key>children</key>
			<array>
				<string>89A0DED617E1DC2600980812</string>
				<string>89A0DED717E1DC2600980812</string>
				<string>89A0DED817E1DC2600980812</string>
			</array>
			<key>isa</key>
			<string>PBXGroup</string>
			<key>path</key>
			<string>SVProgressHUD</string>
			<key>sourceTree</key>
			<string>&lt;group&gt;</string>
		</dict>
		<key>89A0DED617E1DC2600980812</key>
		<dict>
			<key>isa</key>
			<string>PBXFileReference</string>
			<key>lastKnownFileType</key>
			<string>wrapper.plug-in</string>
			<key>path</key>
			<string>SVProgressHUD.bundle</string>
			<key>sourceTree</key>
			<string>&lt;group&gt;</string>
		</dict>
		<key>89A0DED717E1DC2600980812</key>
		<dict>
			<key>fileEncoding</key>
			<string>4</string>
			<key>isa</key>
			<string>PBXFileReference</string>
			<key>lastKnownFileType</key>
			<string>sourcecode.c.h</string>
			<key>path</key>
			<string>SVProgressHUD.h</string>
			<key>sourceTree</key>
			<string>&lt;group&gt;</string>
		</dict>
		<key>89A0DED817E1DC2600980812</key>
		<dict>
			<key>fileEncoding</key>
			<string>4</string>
			<key>isa</key>
			<string>PBXFileReference</string>
			<key>lastKnownFileType</key>
			<string>sourcecode.c.objc</string>
			<key>path</key>
			<string>SVProgressHUD.m</string>
			<key>sourceTree</key>
			<string>&lt;group&gt;</string>
		</dict>
		<key>89A0DED917E1DC2600980812</key>
		<dict>
			<key>fileRef</key>
			<string>89A0DED617E1DC2600980812</string>
			<key>isa</key>
			<string>PBXBuildFile</string>
		</dict>
		<key>89A0DEDA17E1DC2600980812</key>
		<dict>
			<key>fileRef</key>
			<string>89A0DED817E1DC2600980812</string>
			<key>isa</key>
			<string>PBXBuildFile</string>
		</dict>
		<key>D1CE6404868744AFA9509551</key>
		<dict>
			<key>includeInIndex</key>
			<string>1</string>
			<key>isa</key>
			<string>PBXFileReference</string>
			<key>lastKnownFileType</key>
			<string>text.xcconfig</string>
			<key>name</key>
			<string>Pods.xcconfig</string>
			<key>path</key>
			<string>Pods/Pods.xcconfig</string>
			<key>sourceTree</key>
			<string>&lt;group&gt;</string>
		</dict>
	</dict>
	<key>rootObject</key>
	<string>89A0DDEF17E0813400980812</string>
</dict>
</plist>
